// !$*UTF8*$!
{
	archiveVersion = 1;
	classes = {
	};
	objectVersion = 56;
	objects = {

/* Begin PBXBuildFile section */
		1371081A2C737B000055E531 /* HomeViewController.swift in Sources */ = {isa = PBXBuildFile; fileRef = 137108192C737B000055E531 /* HomeViewController.swift */; };
		13DF22EF2C737C370021E788 /* FavViewController.swift in Sources */ = {isa = PBXBuildFile; fileRef = 13DF22EE2C737C370021E788 /* FavViewController.swift */; };
		13DF22F12C73800F0021E788 /* HomeCollectionViewCell.swift in Sources */ = {isa = PBXBuildFile; fileRef = 13DF22F02C73800F0021E788 /* HomeCollectionViewCell.swift */; };
		13E08A5F2C7377800016E497 /* AppDelegate.swift in Sources */ = {isa = PBXBuildFile; fileRef = 13E08A5E2C7377800016E497 /* AppDelegate.swift */; };
		13E08A612C7377800016E497 /* SceneDelegate.swift in Sources */ = {isa = PBXBuildFile; fileRef = 13E08A602C7377800016E497 /* SceneDelegate.swift */; };
		13E08A632C7377800016E497 /* ViewController.swift in Sources */ = {isa = PBXBuildFile; fileRef = 13E08A622C7377800016E497 /* ViewController.swift */; };
		13E08A662C7377800016E497 /* Base in Resources */ = {isa = PBXBuildFile; fileRef = 13E08A652C7377800016E497 /* Base */; };
		13E08A692C7377800016E497 /* Sports.xcdatamodeld in Sources */ = {isa = PBXBuildFile; fileRef = 13E08A672C7377800016E497 /* Sports.xcdatamodeld */; };
		13E08A6B2C7377820016E497 /* Assets.xcassets in Resources */ = {isa = PBXBuildFile; fileRef = 13E08A6A2C7377820016E497 /* Assets.xcassets */; };
		13E08A792C7377830016E497 /* SportsTests.swift in Sources */ = {isa = PBXBuildFile; fileRef = 13E08A782C7377830016E497 /* SportsTests.swift */; };
		13E08A832C7377830016E497 /* SportsUITests.swift in Sources */ = {isa = PBXBuildFile; fileRef = 13E08A822C7377830016E497 /* SportsUITests.swift */; };
		13E08A852C7377830016E497 /* SportsUITestsLaunchTests.swift in Sources */ = {isa = PBXBuildFile; fileRef = 13E08A842C7377830016E497 /* SportsUITestsLaunchTests.swift */; };
		13E08A922C7378810016E497 /* Launch Screen.storyboard in Resources */ = {isa = PBXBuildFile; fileRef = 13E08A912C7378810016E497 /* Launch Screen.storyboard */; };
/* End PBXBuildFile section */

/* Begin PBXContainerItemProxy section */
		13E08A752C7377830016E497 /* PBXContainerItemProxy */ = {
			isa = PBXContainerItemProxy;
			containerPortal = 13E08A532C7377800016E497 /* Project object */;
			proxyType = 1;
			remoteGlobalIDString = 13E08A5A2C7377800016E497;
			remoteInfo = Sports;
		};
		13E08A7F2C7377830016E497 /* PBXContainerItemProxy */ = {
			isa = PBXContainerItemProxy;
			containerPortal = 13E08A532C7377800016E497 /* Project object */;
			proxyType = 1;
			remoteGlobalIDString = 13E08A5A2C7377800016E497;
			remoteInfo = Sports;
		};
/* End PBXContainerItemProxy section */

/* Begin PBXFileReference section */
		137108192C737B000055E531 /* HomeViewController.swift */ = {isa = PBXFileReference; lastKnownFileType = sourcecode.swift; path = HomeViewController.swift; sourceTree = "<group>"; };
		13DF22EE2C737C370021E788 /* FavViewController.swift */ = {isa = PBXFileReference; lastKnownFileType = sourcecode.swift; path = FavViewController.swift; sourceTree = "<group>"; };
		13DF22F02C73800F0021E788 /* HomeCollectionViewCell.swift */ = {isa = PBXFileReference; lastKnownFileType = sourcecode.swift; path = HomeCollectionViewCell.swift; sourceTree = "<group>"; };
		13E08A5B2C7377800016E497 /* Sporty.app */ = {isa = PBXFileReference; explicitFileType = wrapper.application; includeInIndex = 0; path = Sporty.app; sourceTree = BUILT_PRODUCTS_DIR; };
		13E08A5E2C7377800016E497 /* AppDelegate.swift */ = {isa = PBXFileReference; lastKnownFileType = sourcecode.swift; path = AppDelegate.swift; sourceTree = "<group>"; };
		13E08A602C7377800016E497 /* SceneDelegate.swift */ = {isa = PBXFileReference; lastKnownFileType = sourcecode.swift; path = SceneDelegate.swift; sourceTree = "<group>"; };
		13E08A622C7377800016E497 /* ViewController.swift */ = {isa = PBXFileReference; lastKnownFileType = sourcecode.swift; path = ViewController.swift; sourceTree = "<group>"; };
		13E08A652C7377800016E497 /* Base */ = {isa = PBXFileReference; lastKnownFileType = file.storyboard; name = Base; path = Base.lproj/Main.storyboard; sourceTree = "<group>"; };
		13E08A682C7377800016E497 /* Sports.xcdatamodel */ = {isa = PBXFileReference; lastKnownFileType = wrapper.xcdatamodel; path = Sports.xcdatamodel; sourceTree = "<group>"; };
		13E08A6A2C7377820016E497 /* Assets.xcassets */ = {isa = PBXFileReference; lastKnownFileType = folder.assetcatalog; path = Assets.xcassets; sourceTree = "<group>"; };
		13E08A6F2C7377820016E497 /* Info.plist */ = {isa = PBXFileReference; lastKnownFileType = text.plist.xml; path = Info.plist; sourceTree = "<group>"; };
		13E08A742C7377830016E497 /* SportsTests.xctest */ = {isa = PBXFileReference; explicitFileType = wrapper.cfbundle; includeInIndex = 0; path = SportsTests.xctest; sourceTree = BUILT_PRODUCTS_DIR; };
		13E08A782C7377830016E497 /* SportsTests.swift */ = {isa = PBXFileReference; lastKnownFileType = sourcecode.swift; path = SportsTests.swift; sourceTree = "<group>"; };
		13E08A7E2C7377830016E497 /* SportsUITests.xctest */ = {isa = PBXFileReference; explicitFileType = wrapper.cfbundle; includeInIndex = 0; path = SportsUITests.xctest; sourceTree = BUILT_PRODUCTS_DIR; };
		13E08A822C7377830016E497 /* SportsUITests.swift */ = {isa = PBXFileReference; lastKnownFileType = sourcecode.swift; path = SportsUITests.swift; sourceTree = "<group>"; };
		13E08A842C7377830016E497 /* SportsUITestsLaunchTests.swift */ = {isa = PBXFileReference; lastKnownFileType = sourcecode.swift; path = SportsUITestsLaunchTests.swift; sourceTree = "<group>"; };
		13E08A912C7378810016E497 /* Launch Screen.storyboard */ = {isa = PBXFileReference; lastKnownFileType = file.storyboard; path = "Launch Screen.storyboard"; sourceTree = "<group>"; };
/* End PBXFileReference section */

/* Begin PBXFrameworksBuildPhase section */
		13E08A582C7377800016E497 /* Frameworks */ = {
			isa = PBXFrameworksBuildPhase;
			buildActionMask = 2147483647;
			files = (
			);
			runOnlyForDeploymentPostprocessing = 0;
		};
		13E08A712C7377830016E497 /* Frameworks */ = {
			isa = PBXFrameworksBuildPhase;
			buildActionMask = 2147483647;
			files = (
			);
			runOnlyForDeploymentPostprocessing = 0;
		};
		13E08A7B2C7377830016E497 /* Frameworks */ = {
			isa = PBXFrameworksBuildPhase;
			buildActionMask = 2147483647;
			files = (
			);
			runOnlyForDeploymentPostprocessing = 0;
		};
/* End PBXFrameworksBuildPhase section */

/* Begin PBXGroup section */
		137108112C737A970055E531 /* core */ = {
			isa = PBXGroup;
			children = (
				13E08A6A2C7377820016E497 /* Assets.xcassets */,
				13E08A5E2C7377800016E497 /* AppDelegate.swift */,
				13E08A602C7377800016E497 /* SceneDelegate.swift */,
			);
			path = core;
			sourceTree = "<group>";
		};
		137108122C737AAB0055E531 /* view */ = {
			isa = PBXGroup;
			children = (
				13E08A622C7377800016E497 /* ViewController.swift */,
				13E08A642C7377800016E497 /* Main.storyboard */,
				13E08A912C7378810016E497 /* Launch Screen.storyboard */,
			);
			path = view;
			sourceTree = "<group>";
		};
		137108132C737AB80055E531 /* model */ = {
			isa = PBXGroup;
			children = (
				137108162C737AC70055E531 /* remote */,
				137108152C737AC30055E531 /* local */,
				137108142C737ABD0055E531 /* services */,
			);
			path = model;
			sourceTree = "<group>";
		};
		137108142C737ABD0055E531 /* services */ = {
			isa = PBXGroup;
			children = (
			);
			path = services;
			sourceTree = "<group>";
		};
		137108152C737AC30055E531 /* local */ = {
			isa = PBXGroup;
			children = (
			);
			path = local;
			sourceTree = "<group>";
		};
		137108162C737AC70055E531 /* remote */ = {
			isa = PBXGroup;
			children = (
			);
			path = remote;
			sourceTree = "<group>";
		};
		137108172C737AE90055E531 /* modules */ = {
			isa = PBXGroup;
			children = (
				13DF22EB2C737C120021E788 /* FavScreen */,
				137108182C737AF00055E531 /* HomeScreen */,
			);
			path = modules;
			sourceTree = "<group>";
		};
		137108182C737AF00055E531 /* HomeScreen */ = {
			isa = PBXGroup;
			children = (
				1371081D2C737B140055E531 /* presenter */,
				1371081B2C737B050055E531 /* view */,
			);
			path = HomeScreen;
			sourceTree = "<group>";
		};
		1371081B2C737B050055E531 /* view */ = {
			isa = PBXGroup;
			children = (
				137108192C737B000055E531 /* HomeViewController.swift */,
				13DF22F02C73800F0021E788 /* HomeCollectionViewCell.swift */,
			);
			path = view;
			sourceTree = "<group>";
		};
		1371081D2C737B140055E531 /* presenter */ = {
			isa = PBXGroup;
			children = (
			);
			path = presenter;
			sourceTree = "<group>";
		};
		13DF22EB2C737C120021E788 /* FavScreen */ = {
			isa = PBXGroup;
			children = (
				13DF22ED2C737C280021E788 /* view */,
				13DF22EC2C737C210021E788 /* presenter */,
			);
			path = FavScreen;
			sourceTree = "<group>";
		};
		13DF22EC2C737C210021E788 /* presenter */ = {
			isa = PBXGroup;
			children = (
			);
			path = presenter;
			sourceTree = "<group>";
		};
		13DF22ED2C737C280021E788 /* view */ = {
			isa = PBXGroup;
			children = (
				13DF22EE2C737C370021E788 /* FavViewController.swift */,
			);
			path = view;
			sourceTree = "<group>";
		};
		13E08A522C7377800016E497 = {
			isa = PBXGroup;
			children = (
				13E08A5D2C7377800016E497 /* Sports */,
				13E08A772C7377830016E497 /* SportsTests */,
				13E08A812C7377830016E497 /* SportsUITests */,
				13E08A5C2C7377800016E497 /* Products */,
			);
			sourceTree = "<group>";
		};
		13E08A5C2C7377800016E497 /* Products */ = {
			isa = PBXGroup;
			children = (
				13E08A5B2C7377800016E497 /* Sporty.app */,
				13E08A742C7377830016E497 /* SportsTests.xctest */,
				13E08A7E2C7377830016E497 /* SportsUITests.xctest */,
			);
			name = Products;
			sourceTree = "<group>";
		};
		13E08A5D2C7377800016E497 /* Sports */ = {
			isa = PBXGroup;
			children = (
				137108172C737AE90055E531 /* modules */,
				137108132C737AB80055E531 /* model */,
				137108122C737AAB0055E531 /* view */,
				137108112C737A970055E531 /* core */,
				13E08A6F2C7377820016E497 /* Info.plist */,
				13E08A672C7377800016E497 /* Sports.xcdatamodeld */,
			);
			path = Sports;
			sourceTree = "<group>";
		};
		13E08A772C7377830016E497 /* SportsTests */ = {
			isa = PBXGroup;
			children = (
				13E08A782C7377830016E497 /* SportsTests.swift */,
			);
			path = SportsTests;
			sourceTree = "<group>";
		};
		13E08A812C7377830016E497 /* SportsUITests */ = {
			isa = PBXGroup;
			children = (
				13E08A822C7377830016E497 /* SportsUITests.swift */,
				13E08A842C7377830016E497 /* SportsUITestsLaunchTests.swift */,
			);
			path = SportsUITests;
			sourceTree = "<group>";
		};
/* End PBXGroup section */

/* Begin PBXNativeTarget section */
		13E08A5A2C7377800016E497 /* Sporty */ = {
			isa = PBXNativeTarget;
			buildConfigurationList = 13E08A882C7377830016E497 /* Build configuration list for PBXNativeTarget "Sporty" */;
			buildPhases = (
				13E08A572C7377800016E497 /* Sources */,
				13E08A582C7377800016E497 /* Frameworks */,
				13E08A592C7377800016E497 /* Resources */,
			);
			buildRules = (
			);
			dependencies = (
			);
			name = Sporty;
			productName = Sports;
			productReference = 13E08A5B2C7377800016E497 /* Sporty.app */;
			productType = "com.apple.product-type.application";
		};
		13E08A732C7377830016E497 /* SportsTests */ = {
			isa = PBXNativeTarget;
			buildConfigurationList = 13E08A8B2C7377830016E497 /* Build configuration list for PBXNativeTarget "SportsTests" */;
			buildPhases = (
				13E08A702C7377830016E497 /* Sources */,
				13E08A712C7377830016E497 /* Frameworks */,
				13E08A722C7377830016E497 /* Resources */,
			);
			buildRules = (
			);
			dependencies = (
				13E08A762C7377830016E497 /* PBXTargetDependency */,
			);
			name = SportsTests;
			productName = SportsTests;
			productReference = 13E08A742C7377830016E497 /* SportsTests.xctest */;
			productType = "com.apple.product-type.bundle.unit-test";
		};
		13E08A7D2C7377830016E497 /* SportsUITests */ = {
			isa = PBXNativeTarget;
			buildConfigurationList = 13E08A8E2C7377830016E497 /* Build configuration list for PBXNativeTarget "SportsUITests" */;
			buildPhases = (
				13E08A7A2C7377830016E497 /* Sources */,
				13E08A7B2C7377830016E497 /* Frameworks */,
				13E08A7C2C7377830016E497 /* Resources */,
			);
			buildRules = (
			);
			dependencies = (
				13E08A802C7377830016E497 /* PBXTargetDependency */,
			);
			name = SportsUITests;
			productName = SportsUITests;
			productReference = 13E08A7E2C7377830016E497 /* SportsUITests.xctest */;
			productType = "com.apple.product-type.bundle.ui-testing";
		};
/* End PBXNativeTarget section */

/* Begin PBXProject section */
		13E08A532C7377800016E497 /* Project object */ = {
			isa = PBXProject;
			attributes = {
				BuildIndependentTargetsInParallel = 1;
				LastSwiftUpdateCheck = 1540;
				LastUpgradeCheck = 1540;
				TargetAttributes = {
					13E08A5A2C7377800016E497 = {
						CreatedOnToolsVersion = 15.4;
					};
					13E08A732C7377830016E497 = {
						CreatedOnToolsVersion = 15.4;
						TestTargetID = 13E08A5A2C7377800016E497;
					};
					13E08A7D2C7377830016E497 = {
						CreatedOnToolsVersion = 15.4;
						TestTargetID = 13E08A5A2C7377800016E497;
					};
				};
			};
			buildConfigurationList = 13E08A562C7377800016E497 /* Build configuration list for PBXProject "Sports" */;
			compatibilityVersion = "Xcode 14.0";
			developmentRegion = en;
			hasScannedForEncodings = 0;
			knownRegions = (
				en,
				Base,
			);
			mainGroup = 13E08A522C7377800016E497;
			productRefGroup = 13E08A5C2C7377800016E497 /* Products */;
			projectDirPath = "";
			projectRoot = "";
			targets = (
				13E08A5A2C7377800016E497 /* Sporty */,
				13E08A732C7377830016E497 /* SportsTests */,
				13E08A7D2C7377830016E497 /* SportsUITests */,
			);
		};
/* End PBXProject section */

/* Begin PBXResourcesBuildPhase section */
		13E08A592C7377800016E497 /* Resources */ = {
			isa = PBXResourcesBuildPhase;
			buildActionMask = 2147483647;
			files = (
				13E08A922C7378810016E497 /* Launch Screen.storyboard in Resources */,
				13E08A6B2C7377820016E497 /* Assets.xcassets in Resources */,
				13E08A662C7377800016E497 /* Base in Resources */,
			);
			runOnlyForDeploymentPostprocessing = 0;
		};
		13E08A722C7377830016E497 /* Resources */ = {
			isa = PBXResourcesBuildPhase;
			buildActionMask = 2147483647;
			files = (
			);
			runOnlyForDeploymentPostprocessing = 0;
		};
		13E08A7C2C7377830016E497 /* Resources */ = {
			isa = PBXResourcesBuildPhase;
			buildActionMask = 2147483647;
			files = (
			);
			runOnlyForDeploymentPostprocessing = 0;
		};
/* End PBXResourcesBuildPhase section */

/* Begin PBXSourcesBuildPhase section */
		13E08A572C7377800016E497 /* Sources */ = {
			isa = PBXSourcesBuildPhase;
			buildActionMask = 2147483647;
			files = (
				13DF22F12C73800F0021E788 /* HomeCollectionViewCell.swift in Sources */,
				13DF22EF2C737C370021E788 /* FavViewController.swift in Sources */,
				1371081A2C737B000055E531 /* HomeViewController.swift in Sources */,
				13E08A632C7377800016E497 /* ViewController.swift in Sources */,
				13E08A5F2C7377800016E497 /* AppDelegate.swift in Sources */,
				13E08A692C7377800016E497 /* Sports.xcdatamodeld in Sources */,
				13E08A612C7377800016E497 /* SceneDelegate.swift in Sources */,
			);
			runOnlyForDeploymentPostprocessing = 0;
		};
		13E08A702C7377830016E497 /* Sources */ = {
			isa = PBXSourcesBuildPhase;
			buildActionMask = 2147483647;
			files = (
				13E08A792C7377830016E497 /* SportsTests.swift in Sources */,
			);
			runOnlyForDeploymentPostprocessing = 0;
		};
		13E08A7A2C7377830016E497 /* Sources */ = {
			isa = PBXSourcesBuildPhase;
			buildActionMask = 2147483647;
			files = (
				13E08A832C7377830016E497 /* SportsUITests.swift in Sources */,
				13E08A852C7377830016E497 /* SportsUITestsLaunchTests.swift in Sources */,
			);
			runOnlyForDeploymentPostprocessing = 0;
		};
/* End PBXSourcesBuildPhase section */

/* Begin PBXTargetDependency section */
		13E08A762C7377830016E497 /* PBXTargetDependency */ = {
			isa = PBXTargetDependency;
			target = 13E08A5A2C7377800016E497 /* Sporty */;
			targetProxy = 13E08A752C7377830016E497 /* PBXContainerItemProxy */;
		};
		13E08A802C7377830016E497 /* PBXTargetDependency */ = {
			isa = PBXTargetDependency;
			target = 13E08A5A2C7377800016E497 /* Sporty */;
			targetProxy = 13E08A7F2C7377830016E497 /* PBXContainerItemProxy */;
		};
/* End PBXTargetDependency section */

/* Begin PBXVariantGroup section */
		13E08A642C7377800016E497 /* Main.storyboard */ = {
			isa = PBXVariantGroup;
			children = (
				13E08A652C7377800016E497 /* Base */,
			);
			name = Main.storyboard;
			sourceTree = "<group>";
		};
/* End PBXVariantGroup section */

/* Begin XCBuildConfiguration section */
		13E08A862C7377830016E497 /* Debug */ = {
			isa = XCBuildConfiguration;
			buildSettings = {
				ALWAYS_SEARCH_USER_PATHS = NO;
				ASSETCATALOG_COMPILER_GENERATE_SWIFT_ASSET_SYMBOL_EXTENSIONS = YES;
				CLANG_ANALYZER_NONNULL = YES;
				CLANG_ANALYZER_NUMBER_OBJECT_CONVERSION = YES_AGGRESSIVE;
				CLANG_CXX_LANGUAGE_STANDARD = "gnu++20";
				CLANG_ENABLE_MODULES = YES;
				CLANG_ENABLE_OBJC_ARC = YES;
				CLANG_ENABLE_OBJC_WEAK = YES;
				CLANG_WARN_BLOCK_CAPTURE_AUTORELEASING = YES;
				CLANG_WARN_BOOL_CONVERSION = YES;
				CLANG_WARN_COMMA = YES;
				CLANG_WARN_CONSTANT_CONVERSION = YES;
				CLANG_WARN_DEPRECATED_OBJC_IMPLEMENTATIONS = YES;
				CLANG_WARN_DIRECT_OBJC_ISA_USAGE = YES_ERROR;
				CLANG_WARN_DOCUMENTATION_COMMENTS = YES;
				CLANG_WARN_EMPTY_BODY = YES;
				CLANG_WARN_ENUM_CONVERSION = YES;
				CLANG_WARN_INFINITE_RECURSION = YES;
				CLANG_WARN_INT_CONVERSION = YES;
				CLANG_WARN_NON_LITERAL_NULL_CONVERSION = YES;
				CLANG_WARN_OBJC_IMPLICIT_RETAIN_SELF = YES;
				CLANG_WARN_OBJC_LITERAL_CONVERSION = YES;
				CLANG_WARN_OBJC_ROOT_CLASS = YES_ERROR;
				CLANG_WARN_QUOTED_INCLUDE_IN_FRAMEWORK_HEADER = YES;
				CLANG_WARN_RANGE_LOOP_ANALYSIS = YES;
				CLANG_WARN_STRICT_PROTOTYPES = YES;
				CLANG_WARN_SUSPICIOUS_MOVE = YES;
				CLANG_WARN_UNGUARDED_AVAILABILITY = YES_AGGRESSIVE;
				CLANG_WARN_UNREACHABLE_CODE = YES;
				CLANG_WARN__DUPLICATE_METHOD_MATCH = YES;
				COPY_PHASE_STRIP = NO;
				DEBUG_INFORMATION_FORMAT = dwarf;
				ENABLE_STRICT_OBJC_MSGSEND = YES;
				ENABLE_TESTABILITY = YES;
				ENABLE_USER_SCRIPT_SANDBOXING = YES;
				GCC_C_LANGUAGE_STANDARD = gnu17;
				GCC_DYNAMIC_NO_PIC = NO;
				GCC_NO_COMMON_BLOCKS = YES;
				GCC_OPTIMIZATION_LEVEL = 0;
				GCC_PREPROCESSOR_DEFINITIONS = (
					"DEBUG=1",
					"$(inherited)",
				);
				GCC_WARN_64_TO_32_BIT_CONVERSION = YES;
				GCC_WARN_ABOUT_RETURN_TYPE = YES_ERROR;
				GCC_WARN_UNDECLARED_SELECTOR = YES;
				GCC_WARN_UNINITIALIZED_AUTOS = YES_AGGRESSIVE;
				GCC_WARN_UNUSED_FUNCTION = YES;
				GCC_WARN_UNUSED_VARIABLE = YES;
				IPHONEOS_DEPLOYMENT_TARGET = 17.5;
				LOCALIZATION_PREFERS_STRING_CATALOGS = YES;
				MTL_ENABLE_DEBUG_INFO = INCLUDE_SOURCE;
				MTL_FAST_MATH = YES;
				ONLY_ACTIVE_ARCH = YES;
				SDKROOT = iphoneos;
				SWIFT_ACTIVE_COMPILATION_CONDITIONS = "DEBUG $(inherited)";
				SWIFT_OPTIMIZATION_LEVEL = "-Onone";
			};
			name = Debug;
		};
		13E08A872C7377830016E497 /* Release */ = {
			isa = XCBuildConfiguration;
			buildSettings = {
				ALWAYS_SEARCH_USER_PATHS = NO;
				ASSETCATALOG_COMPILER_GENERATE_SWIFT_ASSET_SYMBOL_EXTENSIONS = YES;
				CLANG_ANALYZER_NONNULL = YES;
				CLANG_ANALYZER_NUMBER_OBJECT_CONVERSION = YES_AGGRESSIVE;
				CLANG_CXX_LANGUAGE_STANDARD = "gnu++20";
				CLANG_ENABLE_MODULES = YES;
				CLANG_ENABLE_OBJC_ARC = YES;
				CLANG_ENABLE_OBJC_WEAK = YES;
				CLANG_WARN_BLOCK_CAPTURE_AUTORELEASING = YES;
				CLANG_WARN_BOOL_CONVERSION = YES;
				CLANG_WARN_COMMA = YES;
				CLANG_WARN_CONSTANT_CONVERSION = YES;
				CLANG_WARN_DEPRECATED_OBJC_IMPLEMENTATIONS = YES;
				CLANG_WARN_DIRECT_OBJC_ISA_USAGE = YES_ERROR;
				CLANG_WARN_DOCUMENTATION_COMMENTS = YES;
				CLANG_WARN_EMPTY_BODY = YES;
				CLANG_WARN_ENUM_CONVERSION = YES;
				CLANG_WARN_INFINITE_RECURSION = YES;
				CLANG_WARN_INT_CONVERSION = YES;
				CLANG_WARN_NON_LITERAL_NULL_CONVERSION = YES;
				CLANG_WARN_OBJC_IMPLICIT_RETAIN_SELF = YES;
				CLANG_WARN_OBJC_LITERAL_CONVERSION = YES;
				CLANG_WARN_OBJC_ROOT_CLASS = YES_ERROR;
				CLANG_WARN_QUOTED_INCLUDE_IN_FRAMEWORK_HEADER = YES;
				CLANG_WARN_RANGE_LOOP_ANALYSIS = YES;
				CLANG_WARN_STRICT_PROTOTYPES = YES;
				CLANG_WARN_SUSPICIOUS_MOVE = YES;
				CLANG_WARN_UNGUARDED_AVAILABILITY = YES_AGGRESSIVE;
				CLANG_WARN_UNREACHABLE_CODE = YES;
				CLANG_WARN__DUPLICATE_METHOD_MATCH = YES;
				COPY_PHASE_STRIP = NO;
				DEBUG_INFORMATION_FORMAT = "dwarf-with-dsym";
				ENABLE_NS_ASSERTIONS = NO;
				ENABLE_STRICT_OBJC_MSGSEND = YES;
				ENABLE_USER_SCRIPT_SANDBOXING = YES;
				GCC_C_LANGUAGE_STANDARD = gnu17;
				GCC_NO_COMMON_BLOCKS = YES;
				GCC_WARN_64_TO_32_BIT_CONVERSION = YES;
				GCC_WARN_ABOUT_RETURN_TYPE = YES_ERROR;
				GCC_WARN_UNDECLARED_SELECTOR = YES;
				GCC_WARN_UNINITIALIZED_AUTOS = YES_AGGRESSIVE;
				GCC_WARN_UNUSED_FUNCTION = YES;
				GCC_WARN_UNUSED_VARIABLE = YES;
				IPHONEOS_DEPLOYMENT_TARGET = 17.5;
				LOCALIZATION_PREFERS_STRING_CATALOGS = YES;
				MTL_ENABLE_DEBUG_INFO = NO;
				MTL_FAST_MATH = YES;
				SDKROOT = iphoneos;
				SWIFT_COMPILATION_MODE = wholemodule;
				VALIDATE_PRODUCT = YES;
			};
			name = Release;
		};
		13E08A892C7377830016E497 /* Debug */ = {
			isa = XCBuildConfiguration;
			buildSettings = {
				ASSETCATALOG_COMPILER_APPICON_NAME = AppIcon;
				ASSETCATALOG_COMPILER_GLOBAL_ACCENT_COLOR_NAME = AccentColor;
				CODE_SIGN_STYLE = Automatic;
				CURRENT_PROJECT_VERSION = 1;
				GENERATE_INFOPLIST_FILE = YES;
				INFOPLIST_FILE = Sports/Info.plist;
				INFOPLIST_KEY_UIApplicationSupportsIndirectInputEvents = YES;
				INFOPLIST_KEY_UILaunchStoryboardName = LaunchScreen;
				INFOPLIST_KEY_UIMainStoryboardFile = Main;
				INFOPLIST_KEY_UISupportedInterfaceOrientations_iPad = "UIInterfaceOrientationPortrait UIInterfaceOrientationPortraitUpsideDown UIInterfaceOrientationLandscapeLeft UIInterfaceOrientationLandscapeRight";
				INFOPLIST_KEY_UISupportedInterfaceOrientations_iPhone = "UIInterfaceOrientationPortrait UIInterfaceOrientationLandscapeLeft UIInterfaceOrientationLandscapeRight";
				LD_RUNPATH_SEARCH_PATHS = (
					"$(inherited)",
					"@executable_path/Frameworks",
				);
				MARKETING_VERSION = 1.0;
				PRODUCT_BUNDLE_IDENTIFIER = task.Sports;
				PRODUCT_NAME = "$(TARGET_NAME)";
				SWIFT_EMIT_LOC_STRINGS = YES;
				SWIFT_VERSION = 5.0;
				TARGETED_DEVICE_FAMILY = "1,2";
			};
			name = Debug;
		};
		13E08A8A2C7377830016E497 /* Release */ = {
			isa = XCBuildConfiguration;
			buildSettings = {
				ASSETCATALOG_COMPILER_APPICON_NAME = AppIcon;
				ASSETCATALOG_COMPILER_GLOBAL_ACCENT_COLOR_NAME = AccentColor;
				CODE_SIGN_STYLE = Automatic;
				CURRENT_PROJECT_VERSION = 1;
				GENERATE_INFOPLIST_FILE = YES;
				INFOPLIST_FILE = Sports/Info.plist;
				INFOPLIST_KEY_UIApplicationSupportsIndirectInputEvents = YES;
				INFOPLIST_KEY_UILaunchStoryboardName = LaunchScreen;
				INFOPLIST_KEY_UIMainStoryboardFile = Main;
				INFOPLIST_KEY_UISupportedInterfaceOrientations_iPad = "UIInterfaceOrientationPortrait UIInterfaceOrientationPortraitUpsideDown UIInterfaceOrientationLandscapeLeft UIInterfaceOrientationLandscapeRight";
				INFOPLIST_KEY_UISupportedInterfaceOrientations_iPhone = "UIInterfaceOrientationPortrait UIInterfaceOrientationLandscapeLeft UIInterfaceOrientationLandscapeRight";
				LD_RUNPATH_SEARCH_PATHS = (
					"$(inherited)",
					"@executable_path/Frameworks",
				);
				MARKETING_VERSION = 1.0;
				PRODUCT_BUNDLE_IDENTIFIER = task.Sports;
				PRODUCT_NAME = "$(TARGET_NAME)";
				SWIFT_EMIT_LOC_STRINGS = YES;
				SWIFT_VERSION = 5.0;
				TARGETED_DEVICE_FAMILY = "1,2";
			};
			name = Release;
		};
		13E08A8C2C7377830016E497 /* Debug */ = {
			isa = XCBuildConfiguration;
			buildSettings = {
				ALWAYS_EMBED_SWIFT_STANDARD_LIBRARIES = YES;
				BUNDLE_LOADER = "$(TEST_HOST)";
				CODE_SIGN_STYLE = Automatic;
				CURRENT_PROJECT_VERSION = 1;
				GENERATE_INFOPLIST_FILE = YES;
				IPHONEOS_DEPLOYMENT_TARGET = 17.5;
				MARKETING_VERSION = 1.0;
				PRODUCT_BUNDLE_IDENTIFIER = task.SportsTests;
				PRODUCT_NAME = "$(TARGET_NAME)";
				SWIFT_EMIT_LOC_STRINGS = NO;
				SWIFT_VERSION = 5.0;
				TARGETED_DEVICE_FAMILY = "1,2";
				TEST_HOST = "$(BUILT_PRODUCTS_DIR)/Sports.app/$(BUNDLE_EXECUTABLE_FOLDER_PATH)/Sports";
			};
			name = Debug;
		};
		13E08A8D2C7377830016E497 /* Release */ = {
			isa = XCBuildConfiguration;
			buildSettings = {
				ALWAYS_EMBED_SWIFT_STANDARD_LIBRARIES = YES;
				BUNDLE_LOADER = "$(TEST_HOST)";
				CODE_SIGN_STYLE = Automatic;
				CURRENT_PROJECT_VERSION = 1;
				GENERATE_INFOPLIST_FILE = YES;
				IPHONEOS_DEPLOYMENT_TARGET = 17.5;
				MARKETING_VERSION = 1.0;
				PRODUCT_BUNDLE_IDENTIFIER = task.SportsTests;
				PRODUCT_NAME = "$(TARGET_NAME)";
				SWIFT_EMIT_LOC_STRINGS = NO;
				SWIFT_VERSION = 5.0;
				TARGETED_DEVICE_FAMILY = "1,2";
				TEST_HOST = "$(BUILT_PRODUCTS_DIR)/Sports.app/$(BUNDLE_EXECUTABLE_FOLDER_PATH)/Sports";
			};
			name = Release;
		};
		13E08A8F2C7377830016E497 /* Debug */ = {
			isa = XCBuildConfiguration;
			buildSettings = {
				ALWAYS_EMBED_SWIFT_STANDARD_LIBRARIES = YES;
				CODE_SIGN_STYLE = Automatic;
				CURRENT_PROJECT_VERSION = 1;
				GENERATE_INFOPLIST_FILE = YES;
				MARKETING_VERSION = 1.0;
				PRODUCT_BUNDLE_IDENTIFIER = task.SportsUITests;
				PRODUCT_NAME = "$(TARGET_NAME)";
				SWIFT_EMIT_LOC_STRINGS = NO;
				SWIFT_VERSION = 5.0;
				TARGETED_DEVICE_FAMILY = "1,2";
				TEST_TARGET_NAME = Sports;
			};
			name = Debug;
		};
		13E08A902C7377830016E497 /* Release */ = {
			isa = XCBuildConfiguration;
			buildSettings = {
				ALWAYS_EMBED_SWIFT_STANDARD_LIBRARIES = YES;
				CODE_SIGN_STYLE = Automatic;
				CURRENT_PROJECT_VERSION = 1;
				GENERATE_INFOPLIST_FILE = YES;
				MARKETING_VERSION = 1.0;
				PRODUCT_BUNDLE_IDENTIFIER = task.SportsUITests;
				PRODUCT_NAME = "$(TARGET_NAME)";
				SWIFT_EMIT_LOC_STRINGS = NO;
				SWIFT_VERSION = 5.0;
				TARGETED_DEVICE_FAMILY = "1,2";
				TEST_TARGET_NAME = Sports;
			};
			name = Release;
		};
/* End XCBuildConfiguration section */

/* Begin XCConfigurationList section */
		13E08A562C7377800016E497 /* Build configuration list for PBXProject "Sports" */ = {
			isa = XCConfigurationList;
			buildConfigurations = (
				13E08A862C7377830016E497 /* Debug */,
				13E08A872C7377830016E497 /* Release */,
			);
			defaultConfigurationIsVisible = 0;
			defaultConfigurationName = Release;
		};
		13E08A882C7377830016E497 /* Build configuration list for PBXNativeTarget "Sporty" */ = {
			isa = XCConfigurationList;
			buildConfigurations = (
				13E08A892C7377830016E497 /* Debug */,
				13E08A8A2C7377830016E497 /* Release */,
			);
			defaultConfigurationIsVisible = 0;
			defaultConfigurationName = Release;
		};
		13E08A8B2C7377830016E497 /* Build configuration list for PBXNativeTarget "SportsTests" */ = {
			isa = XCConfigurationList;
			buildConfigurations = (
				13E08A8C2C7377830016E497 /* Debug */,
				13E08A8D2C7377830016E497 /* Release */,
			);
			defaultConfigurationIsVisible = 0;
			defaultConfigurationName = Release;
		};
		13E08A8E2C7377830016E497 /* Build configuration list for PBXNativeTarget "SportsUITests" */ = {
			isa = XCConfigurationList;
			buildConfigurations = (
				13E08A8F2C7377830016E497 /* Debug */,
				13E08A902C7377830016E497 /* Release */,
			);
			defaultConfigurationIsVisible = 0;
			defaultConfigurationName = Release;
		};
/* End XCConfigurationList section */

/* Begin XCVersionGroup section */
		13E08A672C7377800016E497 /* Sports.xcdatamodeld */ = {
			isa = XCVersionGroup;
			children = (
				13E08A682C7377800016E497 /* Sports.xcdatamodel */,
			);
			currentVersion = 13E08A682C7377800016E497 /* Sports.xcdatamodel */;
			path = Sports.xcdatamodeld;
			sourceTree = "<group>";
			versionGroupType = wrapper.xcdatamodel;
		};
/* End XCVersionGroup section */
	};
	rootObject = 13E08A532C7377800016E497 /* Project object */;
}
