// !$*UTF8*$!
{
	archiveVersion = 1;
	classes = {
	};
	objectVersion = 56;
	objects = {

/* Begin PBXBuildFile section */
		13158E102C77166800F59737 /* LeaguesDetailsPresenter.swift in Sources */ = {isa = PBXBuildFile; fileRef = 13158E0F2C77166800F59737 /* LeaguesDetailsPresenter.swift */; };
		13158E122C7737CC00F59737 /* TeamsDetailsPresenter.swift in Sources */ = {isa = PBXBuildFile; fileRef = 13158E112C7737CC00F59737 /* TeamsDetailsPresenter.swift */; };
		132DF5DC2C7B7A6D00FCADA8 /* allSports.swift in Sources */ = {isa = PBXBuildFile; fileRef = 132DF5DB2C7B7A6D00FCADA8 /* allSports.swift */; };
		132DF5DE2C7B7C1700FCADA8 /* LatestEvent.swift in Sources */ = {isa = PBXBuildFile; fileRef = 132DF5DD2C7B7C1700FCADA8 /* LatestEvent.swift */; };
		132DF5E02C7B7C2800FCADA8 /* UpComing.swift in Sources */ = {isa = PBXBuildFile; fileRef = 132DF5DF2C7B7C2800FCADA8 /* UpComing.swift */; };
		132DF5E22C7B7EBA00FCADA8 /* Teams.swift in Sources */ = {isa = PBXBuildFile; fileRef = 132DF5E12C7B7EBA00FCADA8 /* Teams.swift */; };
		132DF5E32C7B801600FCADA8 /* Team.swift in Sources */ = {isa = PBXBuildFile; fileRef = 13F24CDD2C78CF6600E63EC6 /* Team.swift */; };
		134DA9852C74A801007444FD /* LeaguesTableViewCell.xib in Resources */ = {isa = PBXBuildFile; fileRef = 134DA9842C74A801007444FD /* LeaguesTableViewCell.xib */; };
		134DA9862C74A801007444FD /* LeaguesTableViewCell.swift in Sources */ = {isa = PBXBuildFile; fileRef = 134DA9832C74A801007444FD /* LeaguesTableViewCell.swift */; };
		134DA98C2C74B5C6007444FD /* LeaguesViewController.swift in Sources */ = {isa = PBXBuildFile; fileRef = 134DA98B2C74B5C6007444FD /* LeaguesViewController.swift */; };
		134DA9912C74BD98007444FD /* LeaguesDetailsViewController.swift in Sources */ = {isa = PBXBuildFile; fileRef = 134DA9902C74BD98007444FD /* LeaguesDetailsViewController.swift */; };
		1360EF3C2C7B742D0022B770 /* Alamofire in Frameworks */ = {isa = PBXBuildFile; productRef = 1360EF3B2C7B742D0022B770 /* Alamofire */; };
		1360EF3E2C7B74310022B770 /* Kingfisher in Frameworks */ = {isa = PBXBuildFile; productRef = 1360EF3D2C7B74310022B770 /* Kingfisher */; };
		1360EF3F2C7B74390022B770 /* CoreData.framework in Frameworks */ = {isa = PBXBuildFile; fileRef = 1314FA312C7B6CBD004CB679 /* CoreData.framework */; };
		1360EF432C7B743D0022B770 /* AlamofireDynamic in Embed Frameworks */ = {isa = PBXBuildFile; productRef = 1360EF402C7B743D0022B770 /* AlamofireDynamic */; settings = {ATTRIBUTES = (CodeSignOnCopy, ); }; };
		1365429C2C7681A600EF6FBE /* TeamDetailsViewController.swift in Sources */ = {isa = PBXBuildFile; fileRef = 1365429B2C7681A600EF6FBE /* TeamDetailsViewController.swift */; };
		136E85252C7B726D0036F7BC /* ApiManager.swift in Sources */ = {isa = PBXBuildFile; fileRef = 13D3FB812C75932E00312D45 /* ApiManager.swift */; };
		136E85262C7B72BF0036F7BC /* LeaguesModel.swift in Sources */ = {isa = PBXBuildFile; fileRef = 13D3FB732C75879E00312D45 /* LeaguesModel.swift */; };
		136E85272C7B72D50036F7BC /* ApiManager.swift in Sources */ = {isa = PBXBuildFile; fileRef = 13D3FB812C75932E00312D45 /* ApiManager.swift */; };
		1371081A2C737B000055E531 /* HomeViewController.swift in Sources */ = {isa = PBXBuildFile; fileRef = 137108192C737B000055E531 /* HomeViewController.swift */; };
		137765492C79D19900730F11 /* CoreData.framework in Frameworks */ = {isa = PBXBuildFile; fileRef = 137765482C79D19900730F11 /* CoreData.framework */; };
		1377654B2C79D93E00730F11 /* Header.swift in Sources */ = {isa = PBXBuildFile; fileRef = 1377654A2C79D93E00730F11 /* Header.swift */; };
		1377654F2C79EBDF00730F11 /* CoreDataManager.swift in Sources */ = {isa = PBXBuildFile; fileRef = 1377654E2C79EBDF00730F11 /* CoreDataManager.swift */; };
		139C488D2C77B68400D3A9BC /* fisrtCollectionViewCell.swift in Sources */ = {isa = PBXBuildFile; fileRef = 139C488B2C77B68400D3A9BC /* fisrtCollectionViewCell.swift */; };
		139C488E2C77B68400D3A9BC /* fisrtCollectionViewCell.xib in Resources */ = {isa = PBXBuildFile; fileRef = 139C488C2C77B68400D3A9BC /* fisrtCollectionViewCell.xib */; };
		13A776A62C77B92900AB7FC7 /* secondCollectionViewCell.xib in Resources */ = {isa = PBXBuildFile; fileRef = 13A776A52C77B92900AB7FC7 /* secondCollectionViewCell.xib */; };
		13A776A72C77B92900AB7FC7 /* secondCollectionViewCell.swift in Sources */ = {isa = PBXBuildFile; fileRef = 13A776A42C77B92900AB7FC7 /* secondCollectionViewCell.swift */; };
		13A776AA2C77B9AE00AB7FC7 /* thirdCollectionViewCell.xib in Resources */ = {isa = PBXBuildFile; fileRef = 13A776A92C77B9AE00AB7FC7 /* thirdCollectionViewCell.xib */; };
		13A776AB2C77B9AE00AB7FC7 /* thirdCollectionViewCell.swift in Sources */ = {isa = PBXBuildFile; fileRef = 13A776A82C77B9AE00AB7FC7 /* thirdCollectionViewCell.swift */; };
		13A776AE2C77BFF100AB7FC7 /* LeaguesDetailsViewControllerExtension.swift in Sources */ = {isa = PBXBuildFile; fileRef = 13A776AD2C77BFF100AB7FC7 /* LeaguesDetailsViewControllerExtension.swift */; };
		13C0F9D42C7A77A400D67593 /* Connectivity.swift in Sources */ = {isa = PBXBuildFile; fileRef = 13C0F9D32C7A77A400D67593 /* Connectivity.swift */; };
		13C5FCD42C7649E2002E9F6C /* LeagueExtension.swift in Sources */ = {isa = PBXBuildFile; fileRef = 13C5FCD32C7649E2002E9F6C /* LeagueExtension.swift */; };
		13D264102C75BEEE0070E54A /* Decoder.swift in Sources */ = {isa = PBXBuildFile; fileRef = 13D2640F2C75BEEE0070E54A /* Decoder.swift */; };
		13D264122C75FAFA0070E54A /* HomeModel.swift in Sources */ = {isa = PBXBuildFile; fileRef = 13D264112C75FAFA0070E54A /* HomeModel.swift */; };
		13D264142C75FC030070E54A /* HomePresenter.swift in Sources */ = {isa = PBXBuildFile; fileRef = 13D264132C75FC030070E54A /* HomePresenter.swift */; };
		13D264192C76184D0070E54A /* LeaguesPresenter.swift in Sources */ = {isa = PBXBuildFile; fileRef = 13D264182C76184D0070E54A /* LeaguesPresenter.swift */; };
		13D3FB742C75879E00312D45 /* LeaguesModel.swift in Sources */ = {isa = PBXBuildFile; fileRef = 13D3FB732C75879E00312D45 /* LeaguesModel.swift */; };
		13D3FB802C75907B00312D45 /* DetailsModel.swift in Sources */ = {isa = PBXBuildFile; fileRef = 13D3FB7F2C75907B00312D45 /* DetailsModel.swift */; };
		13D3FB842C75A39A00312D45 /* Result.swift in Sources */ = {isa = PBXBuildFile; fileRef = 13D3FB832C75A39A00312D45 /* Result.swift */; };
		13D3FB892C75A5A200312D45 /* Alamofire in Frameworks */ = {isa = PBXBuildFile; productRef = 13D3FB882C75A5A200312D45 /* Alamofire */; };
		13D3FB8B2C75A5A600312D45 /* Kingfisher in Frameworks */ = {isa = PBXBuildFile; productRef = 13D3FB8A2C75A5A600312D45 /* Kingfisher */; };
		13DF22F12C73800F0021E788 /* HomeCollectionViewCell.swift in Sources */ = {isa = PBXBuildFile; fileRef = 13DF22F02C73800F0021E788 /* HomeCollectionViewCell.swift */; };
		13E08A5F2C7377800016E497 /* AppDelegate.swift in Sources */ = {isa = PBXBuildFile; fileRef = 13E08A5E2C7377800016E497 /* AppDelegate.swift */; };
		13E08A612C7377800016E497 /* SceneDelegate.swift in Sources */ = {isa = PBXBuildFile; fileRef = 13E08A602C7377800016E497 /* SceneDelegate.swift */; };
		13E08A662C7377800016E497 /* Base in Resources */ = {isa = PBXBuildFile; fileRef = 13E08A652C7377800016E497 /* Base */; };
		13E08A692C7377800016E497 /* Sports.xcdatamodeld in Sources */ = {isa = PBXBuildFile; fileRef = 13E08A672C7377800016E497 /* Sports.xcdatamodeld */; };
		13E08A6B2C7377820016E497 /* Assets.xcassets in Resources */ = {isa = PBXBuildFile; fileRef = 13E08A6A2C7377820016E497 /* Assets.xcassets */; };
		13E08A792C7377830016E497 /* SportsTests.swift in Sources */ = {isa = PBXBuildFile; fileRef = 13E08A782C7377830016E497 /* SportsTests.swift */; };
		13E08A922C7378810016E497 /* Launch Screen.storyboard in Resources */ = {isa = PBXBuildFile; fileRef = 13E08A912C7378810016E497 /* Launch Screen.storyboard */; };
		13F24CDC2C78C0E900E63EC6 /* DateHelper.swift in Sources */ = {isa = PBXBuildFile; fileRef = 13F24CDB2C78C0E900E63EC6 /* DateHelper.swift */; };
		13F24CDE2C78CF6600E63EC6 /* Team.swift in Sources */ = {isa = PBXBuildFile; fileRef = 13F24CDD2C78CF6600E63EC6 /* Team.swift */; };
		13F24CE22C78E21B00E63EC6 /* playersTableViewCell.swift in Sources */ = {isa = PBXBuildFile; fileRef = 13F24CE02C78E21B00E63EC6 /* playersTableViewCell.swift */; };
		13F24CE32C78E21B00E63EC6 /* playersTableViewCell.xib in Resources */ = {isa = PBXBuildFile; fileRef = 13F24CE12C78E21B00E63EC6 /* playersTableViewCell.xib */; };
		13F24CE82C78ECDC00E63EC6 /* TeamDetailsViewControllerExtensions.swift in Sources */ = {isa = PBXBuildFile; fileRef = 13F24CE72C78ECDC00E63EC6 /* TeamDetailsViewControllerExtensions.swift */; };
		186093062C761D8E00D7100F /* HomeExtension.swift in Sources */ = {isa = PBXBuildFile; fileRef = 186093052C761D8E00D7100F /* HomeExtension.swift */; };
		1860930A2C761F3E00D7100F /* Table&CollectionNibExt.swift in Sources */ = {isa = PBXBuildFile; fileRef = 186093092C761F3E00D7100F /* Table&CollectionNibExt.swift */; };
/* End PBXBuildFile section */

/* Begin PBXContainerItemProxy section */
		13E08A752C7377830016E497 /* PBXContainerItemProxy */ = {
			isa = PBXContainerItemProxy;
			containerPortal = 13E08A532C7377800016E497 /* Project object */;
			proxyType = 1;
			remoteGlobalIDString = 13E08A5A2C7377800016E497;
			remoteInfo = Sports;
		};
/* End PBXContainerItemProxy section */

/* Begin PBXCopyFilesBuildPhase section */
		1360EF422C7B743D0022B770 /* Embed Frameworks */ = {
			isa = PBXCopyFilesBuildPhase;
			buildActionMask = 2147483647;
			dstPath = "";
			dstSubfolderSpec = 10;
			files = (
				1360EF432C7B743D0022B770 /* AlamofireDynamic in Embed Frameworks */,
			);
			name = "Embed Frameworks";
			runOnlyForDeploymentPostprocessing = 0;
		};
/* End PBXCopyFilesBuildPhase section */

/* Begin PBXFileReference section */
		1314FA312C7B6CBD004CB679 /* CoreData.framework */ = {isa = PBXFileReference; lastKnownFileType = wrapper.framework; name = CoreData.framework; path = Platforms/MacOSX.platform/Developer/SDKs/MacOSX14.5.sdk/System/Library/Frameworks/CoreData.framework; sourceTree = DEVELOPER_DIR; };
		13158E0F2C77166800F59737 /* LeaguesDetailsPresenter.swift */ = {isa = PBXFileReference; lastKnownFileType = sourcecode.swift; path = LeaguesDetailsPresenter.swift; sourceTree = "<group>"; };
		13158E112C7737CC00F59737 /* TeamsDetailsPresenter.swift */ = {isa = PBXFileReference; lastKnownFileType = sourcecode.swift; path = TeamsDetailsPresenter.swift; sourceTree = "<group>"; };
		132DF5DB2C7B7A6D00FCADA8 /* allSports.swift */ = {isa = PBXFileReference; lastKnownFileType = sourcecode.swift; path = allSports.swift; sourceTree = "<group>"; };
		132DF5DD2C7B7C1700FCADA8 /* LatestEvent.swift */ = {isa = PBXFileReference; lastKnownFileType = sourcecode.swift; path = LatestEvent.swift; sourceTree = "<group>"; };
		132DF5DF2C7B7C2800FCADA8 /* UpComing.swift */ = {isa = PBXFileReference; lastKnownFileType = sourcecode.swift; path = UpComing.swift; sourceTree = "<group>"; };
		132DF5E12C7B7EBA00FCADA8 /* Teams.swift */ = {isa = PBXFileReference; lastKnownFileType = sourcecode.swift; path = Teams.swift; sourceTree = "<group>"; };
		134DA9832C74A801007444FD /* LeaguesTableViewCell.swift */ = {isa = PBXFileReference; lastKnownFileType = sourcecode.swift; path = LeaguesTableViewCell.swift; sourceTree = "<group>"; };
		134DA9842C74A801007444FD /* LeaguesTableViewCell.xib */ = {isa = PBXFileReference; lastKnownFileType = file.xib; path = LeaguesTableViewCell.xib; sourceTree = "<group>"; };
		134DA98B2C74B5C6007444FD /* LeaguesViewController.swift */ = {isa = PBXFileReference; lastKnownFileType = sourcecode.swift; path = LeaguesViewController.swift; sourceTree = "<group>"; };
		134DA9902C74BD98007444FD /* LeaguesDetailsViewController.swift */ = {isa = PBXFileReference; lastKnownFileType = sourcecode.swift; path = LeaguesDetailsViewController.swift; sourceTree = "<group>"; };
		1365429B2C7681A600EF6FBE /* TeamDetailsViewController.swift */ = {isa = PBXFileReference; lastKnownFileType = sourcecode.swift; path = TeamDetailsViewController.swift; sourceTree = "<group>"; };
		137108192C737B000055E531 /* HomeViewController.swift */ = {isa = PBXFileReference; lastKnownFileType = sourcecode.swift; path = HomeViewController.swift; sourceTree = "<group>"; };
		137765482C79D19900730F11 /* CoreData.framework */ = {isa = PBXFileReference; lastKnownFileType = wrapper.framework; name = CoreData.framework; path = System/Library/Frameworks/CoreData.framework; sourceTree = SDKROOT; };
		1377654A2C79D93E00730F11 /* Header.swift */ = {isa = PBXFileReference; lastKnownFileType = sourcecode.swift; path = Header.swift; sourceTree = "<group>"; };
		1377654E2C79EBDF00730F11 /* CoreDataManager.swift */ = {isa = PBXFileReference; lastKnownFileType = sourcecode.swift; path = CoreDataManager.swift; sourceTree = "<group>"; };
		139C488B2C77B68400D3A9BC /* fisrtCollectionViewCell.swift */ = {isa = PBXFileReference; lastKnownFileType = sourcecode.swift; path = fisrtCollectionViewCell.swift; sourceTree = "<group>"; };
		139C488C2C77B68400D3A9BC /* fisrtCollectionViewCell.xib */ = {isa = PBXFileReference; lastKnownFileType = file.xib; path = fisrtCollectionViewCell.xib; sourceTree = "<group>"; };
		13A776A42C77B92900AB7FC7 /* secondCollectionViewCell.swift */ = {isa = PBXFileReference; lastKnownFileType = sourcecode.swift; path = secondCollectionViewCell.swift; sourceTree = "<group>"; };
		13A776A52C77B92900AB7FC7 /* secondCollectionViewCell.xib */ = {isa = PBXFileReference; lastKnownFileType = file.xib; path = secondCollectionViewCell.xib; sourceTree = "<group>"; };
		13A776A82C77B9AE00AB7FC7 /* thirdCollectionViewCell.swift */ = {isa = PBXFileReference; lastKnownFileType = sourcecode.swift; path = thirdCollectionViewCell.swift; sourceTree = "<group>"; };
		13A776A92C77B9AE00AB7FC7 /* thirdCollectionViewCell.xib */ = {isa = PBXFileReference; lastKnownFileType = file.xib; path = thirdCollectionViewCell.xib; sourceTree = "<group>"; };
		13A776AD2C77BFF100AB7FC7 /* LeaguesDetailsViewControllerExtension.swift */ = {isa = PBXFileReference; lastKnownFileType = sourcecode.swift; path = LeaguesDetailsViewControllerExtension.swift; sourceTree = "<group>"; };
		13C0F9D32C7A77A400D67593 /* Connectivity.swift */ = {isa = PBXFileReference; lastKnownFileType = sourcecode.swift; path = Connectivity.swift; sourceTree = "<group>"; };
		13C5FCD32C7649E2002E9F6C /* LeagueExtension.swift */ = {isa = PBXFileReference; lastKnownFileType = sourcecode.swift; path = LeagueExtension.swift; sourceTree = "<group>"; };
		13D2640F2C75BEEE0070E54A /* Decoder.swift */ = {isa = PBXFileReference; lastKnownFileType = sourcecode.swift; path = Decoder.swift; sourceTree = "<group>"; };
		13D264112C75FAFA0070E54A /* HomeModel.swift */ = {isa = PBXFileReference; lastKnownFileType = sourcecode.swift; path = HomeModel.swift; sourceTree = "<group>"; };
		13D264132C75FC030070E54A /* HomePresenter.swift */ = {isa = PBXFileReference; lastKnownFileType = sourcecode.swift; path = HomePresenter.swift; sourceTree = "<group>"; };
		13D264182C76184D0070E54A /* LeaguesPresenter.swift */ = {isa = PBXFileReference; lastKnownFileType = sourcecode.swift; path = LeaguesPresenter.swift; sourceTree = "<group>"; };
		13D3FB732C75879E00312D45 /* LeaguesModel.swift */ = {isa = PBXFileReference; lastKnownFileType = sourcecode.swift; path = LeaguesModel.swift; sourceTree = "<group>"; };
		13D3FB7F2C75907B00312D45 /* DetailsModel.swift */ = {isa = PBXFileReference; lastKnownFileType = sourcecode.swift; path = DetailsModel.swift; sourceTree = "<group>"; };
		13D3FB812C75932E00312D45 /* ApiManager.swift */ = {isa = PBXFileReference; lastKnownFileType = sourcecode.swift; path = ApiManager.swift; sourceTree = "<group>"; };
		13D3FB832C75A39A00312D45 /* Result.swift */ = {isa = PBXFileReference; lastKnownFileType = sourcecode.swift; path = Result.swift; sourceTree = "<group>"; };
		13DF22F02C73800F0021E788 /* HomeCollectionViewCell.swift */ = {isa = PBXFileReference; lastKnownFileType = sourcecode.swift; path = HomeCollectionViewCell.swift; sourceTree = "<group>"; };
		13E08A5B2C7377800016E497 /* Sporty.app */ = {isa = PBXFileReference; explicitFileType = wrapper.application; includeInIndex = 0; path = Sporty.app; sourceTree = BUILT_PRODUCTS_DIR; };
		13E08A5E2C7377800016E497 /* AppDelegate.swift */ = {isa = PBXFileReference; lastKnownFileType = sourcecode.swift; path = AppDelegate.swift; sourceTree = "<group>"; };
		13E08A602C7377800016E497 /* SceneDelegate.swift */ = {isa = PBXFileReference; lastKnownFileType = sourcecode.swift; path = SceneDelegate.swift; sourceTree = "<group>"; };
		13E08A652C7377800016E497 /* Base */ = {isa = PBXFileReference; lastKnownFileType = file.storyboard; name = Base; path = Base.lproj/Main.storyboard; sourceTree = "<group>"; };
		13E08A682C7377800016E497 /* Sports.xcdatamodel */ = {isa = PBXFileReference; lastKnownFileType = wrapper.xcdatamodel; path = Sports.xcdatamodel; sourceTree = "<group>"; };
		13E08A6A2C7377820016E497 /* Assets.xcassets */ = {isa = PBXFileReference; lastKnownFileType = folder.assetcatalog; path = Assets.xcassets; sourceTree = "<group>"; };
		13E08A6F2C7377820016E497 /* Info.plist */ = {isa = PBXFileReference; lastKnownFileType = text.plist.xml; path = Info.plist; sourceTree = "<group>"; };
		13E08A742C7377830016E497 /* SportsTests.xctest */ = {isa = PBXFileReference; explicitFileType = wrapper.cfbundle; includeInIndex = 0; path = SportsTests.xctest; sourceTree = BUILT_PRODUCTS_DIR; };
		13E08A782C7377830016E497 /* SportsTests.swift */ = {isa = PBXFileReference; lastKnownFileType = sourcecode.swift; path = SportsTests.swift; sourceTree = "<group>"; };
		13E08A822C7377830016E497 /* SportsUITests.swift */ = {isa = PBXFileReference; lastKnownFileType = sourcecode.swift; path = SportsUITests.swift; sourceTree = "<group>"; };
		13E08A842C7377830016E497 /* SportsUITestsLaunchTests.swift */ = {isa = PBXFileReference; lastKnownFileType = sourcecode.swift; path = SportsUITestsLaunchTests.swift; sourceTree = "<group>"; };
		13E08A912C7378810016E497 /* Launch Screen.storyboard */ = {isa = PBXFileReference; lastKnownFileType = file.storyboard; path = "Launch Screen.storyboard"; sourceTree = "<group>"; };
		13F24CDB2C78C0E900E63EC6 /* DateHelper.swift */ = {isa = PBXFileReference; lastKnownFileType = sourcecode.swift; path = DateHelper.swift; sourceTree = "<group>"; };
		13F24CDD2C78CF6600E63EC6 /* Team.swift */ = {isa = PBXFileReference; lastKnownFileType = sourcecode.swift; path = Team.swift; sourceTree = "<group>"; };
		13F24CE02C78E21B00E63EC6 /* playersTableViewCell.swift */ = {isa = PBXFileReference; lastKnownFileType = sourcecode.swift; path = playersTableViewCell.swift; sourceTree = "<group>"; };
		13F24CE12C78E21B00E63EC6 /* playersTableViewCell.xib */ = {isa = PBXFileReference; lastKnownFileType = file.xib; path = playersTableViewCell.xib; sourceTree = "<group>"; };
		13F24CE72C78ECDC00E63EC6 /* TeamDetailsViewControllerExtensions.swift */ = {isa = PBXFileReference; lastKnownFileType = sourcecode.swift; path = TeamDetailsViewControllerExtensions.swift; sourceTree = "<group>"; };
		186093052C761D8E00D7100F /* HomeExtension.swift */ = {isa = PBXFileReference; lastKnownFileType = sourcecode.swift; path = HomeExtension.swift; sourceTree = "<group>"; };
		186093092C761F3E00D7100F /* Table&CollectionNibExt.swift */ = {isa = PBXFileReference; lastKnownFileType = sourcecode.swift; path = "Table&CollectionNibExt.swift"; sourceTree = "<group>"; };
/* End PBXFileReference section */

/* Begin PBXFrameworksBuildPhase section */
		13E08A582C7377800016E497 /* Frameworks */ = {
			isa = PBXFrameworksBuildPhase;
			buildActionMask = 2147483647;
			files = (
				13D3FB8B2C75A5A600312D45 /* Kingfisher in Frameworks */,
				137765492C79D19900730F11 /* CoreData.framework in Frameworks */,
				13D3FB892C75A5A200312D45 /* Alamofire in Frameworks */,
			);
			runOnlyForDeploymentPostprocessing = 0;
		};
		13E08A712C7377830016E497 /* Frameworks */ = {
			isa = PBXFrameworksBuildPhase;
			buildActionMask = 2147483647;
			files = (
				1360EF3F2C7B74390022B770 /* CoreData.framework in Frameworks */,
				1360EF3E2C7B74310022B770 /* Kingfisher in Frameworks */,
				1360EF3C2C7B742D0022B770 /* Alamofire in Frameworks */,
			);
			runOnlyForDeploymentPostprocessing = 0;
		};
/* End PBXFrameworksBuildPhase section */

/* Begin PBXGroup section */
		1314FA272C7B54DD004CB679 /* Helper */ = {
			isa = PBXGroup;
			children = (
				13F24CDB2C78C0E900E63EC6 /* DateHelper.swift */,
				13C0F9D32C7A77A400D67593 /* Connectivity.swift */,
			);
			path = Helper;
			sourceTree = "<group>";
		};
		134DA9882C74B58C007444FD /* LeaguesScreen */ = {
			isa = PBXGroup;
			children = (
				137765502C7A27C000730F11 /* Components */,
				13C5FCD22C7649C4002E9F6C /* Extensions */,
				134DA9892C74B5A8007444FD /* view */,
				134DA98A2C74B5AD007444FD /* presenter */,
			);
			path = LeaguesScreen;
			sourceTree = "<group>";
		};
		134DA9892C74B5A8007444FD /* view */ = {
			isa = PBXGroup;
			children = (
				134DA98B2C74B5C6007444FD /* LeaguesViewController.swift */,
			);
			path = view;
			sourceTree = "<group>";
		};
		134DA98A2C74B5AD007444FD /* presenter */ = {
			isa = PBXGroup;
			children = (
				13D264182C76184D0070E54A /* LeaguesPresenter.swift */,
			);
			path = presenter;
			sourceTree = "<group>";
		};
		134DA98D2C74BD6A007444FD /* LeaguesDetailsScreen */ = {
			isa = PBXGroup;
			children = (
				139C488A2C77B66700D3A9BC /* components */,
				13A776AC2C77BFD500AB7FC7 /* Extensions */,
				134DA98E2C74BD7F007444FD /* view */,
				134DA98F2C74BD85007444FD /* presenter */,
			);
			path = LeaguesDetailsScreen;
			sourceTree = "<group>";
		};
		134DA98E2C74BD7F007444FD /* view */ = {
			isa = PBXGroup;
			children = (
				134DA9902C74BD98007444FD /* LeaguesDetailsViewController.swift */,
			);
			path = view;
			sourceTree = "<group>";
		};
		134DA98F2C74BD85007444FD /* presenter */ = {
			isa = PBXGroup;
			children = (
				13158E0F2C77166800F59737 /* LeaguesDetailsPresenter.swift */,
			);
			path = presenter;
			sourceTree = "<group>";
		};
		136542982C76816600EF6FBE /* TeamsDetailsScreen */ = {
			isa = PBXGroup;
			children = (
				13F24CDF2C78E1F800E63EC6 /* component */,
				13F24CE42C78ECB300E63EC6 /* Extensions */,
				1365429A2C76818400EF6FBE /* view */,
				136542992C76817C00EF6FBE /* presenter */,
			);
			path = TeamsDetailsScreen;
			sourceTree = "<group>";
		};
		136542992C76817C00EF6FBE /* presenter */ = {
			isa = PBXGroup;
			children = (
				13158E112C7737CC00F59737 /* TeamsDetailsPresenter.swift */,
			);
			path = presenter;
			sourceTree = "<group>";
		};
		1365429A2C76818400EF6FBE /* view */ = {
			isa = PBXGroup;
			children = (
				1365429B2C7681A600EF6FBE /* TeamDetailsViewController.swift */,
			);
			path = view;
			sourceTree = "<group>";
		};
		137108112C737A970055E531 /* core */ = {
			isa = PBXGroup;
			children = (
				13E08A6A2C7377820016E497 /* Assets.xcassets */,
				13E08A5E2C7377800016E497 /* AppDelegate.swift */,
				13E08A602C7377800016E497 /* SceneDelegate.swift */,
			);
			path = core;
			sourceTree = "<group>";
		};
		137108122C737AAB0055E531 /* view */ = {
			isa = PBXGroup;
			children = (
				13E08A642C7377800016E497 /* Main.storyboard */,
				13E08A912C7378810016E497 /* Launch Screen.storyboard */,
			);
			path = view;
			sourceTree = "<group>";
		};
		137108132C737AB80055E531 /* model */ = {
			isa = PBXGroup;
			children = (
				137108142C737ABD0055E531 /* services */,
				137108162C737AC70055E531 /* remote */,
				137108152C737AC30055E531 /* local */,
			);
			path = model;
			sourceTree = "<group>";
		};
		137108142C737ABD0055E531 /* services */ = {
			isa = PBXGroup;
			children = (
				1377654E2C79EBDF00730F11 /* CoreDataManager.swift */,
				13D3FB812C75932E00312D45 /* ApiManager.swift */,
				13D3FB832C75A39A00312D45 /* Result.swift */,
				13D2640F2C75BEEE0070E54A /* Decoder.swift */,
			);
			path = services;
			sourceTree = "<group>";
		};
		137108152C737AC30055E531 /* local */ = {
			isa = PBXGroup;
			children = (
				13E08A672C7377800016E497 /* Sports.xcdatamodeld */,
				13D264112C75FAFA0070E54A /* HomeModel.swift */,
			);
			path = local;
			sourceTree = "<group>";
		};
		137108162C737AC70055E531 /* remote */ = {
			isa = PBXGroup;
			children = (
				13D3FB732C75879E00312D45 /* LeaguesModel.swift */,
				13D3FB7F2C75907B00312D45 /* DetailsModel.swift */,
				13F24CDD2C78CF6600E63EC6 /* Team.swift */,
			);
			path = remote;
			sourceTree = "<group>";
		};
		137108172C737AE90055E531 /* modules */ = {
			isa = PBXGroup;
			children = (
				136542982C76816600EF6FBE /* TeamsDetailsScreen */,
				134DA98D2C74BD6A007444FD /* LeaguesDetailsScreen */,
				134DA9882C74B58C007444FD /* LeaguesScreen */,
				137108182C737AF00055E531 /* HomeScreen */,
			);
			path = modules;
			sourceTree = "<group>";
		};
		137108182C737AF00055E531 /* HomeScreen */ = {
			isa = PBXGroup;
			children = (
				13D839A32C7767D600FA7CD3 /* Components */,
				186093042C761D7100D7100F /* Extensions */,
				1371081B2C737B050055E531 /* view */,
				1371081D2C737B140055E531 /* presenter */,
			);
			path = HomeScreen;
			sourceTree = "<group>";
		};
		1371081B2C737B050055E531 /* view */ = {
			isa = PBXGroup;
			children = (
				137108192C737B000055E531 /* HomeViewController.swift */,
			);
			path = view;
			sourceTree = "<group>";
		};
		1371081D2C737B140055E531 /* presenter */ = {
			isa = PBXGroup;
			children = (
				13D264132C75FC030070E54A /* HomePresenter.swift */,
			);
			path = presenter;
			sourceTree = "<group>";
		};
		137765502C7A27C000730F11 /* Components */ = {
			isa = PBXGroup;
			children = (
				134DA9832C74A801007444FD /* LeaguesTableViewCell.swift */,
				134DA9842C74A801007444FD /* LeaguesTableViewCell.xib */,
			);
			path = Components;
			sourceTree = "<group>";
		};
		137765512C7A27E400730F11 /* FirstSection */ = {
			isa = PBXGroup;
			children = (
				139C488B2C77B68400D3A9BC /* fisrtCollectionViewCell.swift */,
				139C488C2C77B68400D3A9BC /* fisrtCollectionViewCell.xib */,
			);
			path = FirstSection;
			sourceTree = "<group>";
		};
		137765522C7A27F700730F11 /* SecondSection */ = {
			isa = PBXGroup;
			children = (
				13A776A42C77B92900AB7FC7 /* secondCollectionViewCell.swift */,
				13A776A52C77B92900AB7FC7 /* secondCollectionViewCell.xib */,
			);
			path = SecondSection;
			sourceTree = "<group>";
		};
		137765532C7A280B00730F11 /* ThirdSection */ = {
			isa = PBXGroup;
			children = (
				13A776A82C77B9AE00AB7FC7 /* thirdCollectionViewCell.swift */,
				13A776A92C77B9AE00AB7FC7 /* thirdCollectionViewCell.xib */,
			);
			path = ThirdSection;
			sourceTree = "<group>";
		};
		139C488A2C77B66700D3A9BC /* components */ = {
			isa = PBXGroup;
			children = (
				137765532C7A280B00730F11 /* ThirdSection */,
				137765522C7A27F700730F11 /* SecondSection */,
				137765512C7A27E400730F11 /* FirstSection */,
			);
			path = components;
			sourceTree = "<group>";
		};
		13A776AC2C77BFD500AB7FC7 /* Extensions */ = {
			isa = PBXGroup;
			children = (
				13A776AD2C77BFF100AB7FC7 /* LeaguesDetailsViewControllerExtension.swift */,
				1377654A2C79D93E00730F11 /* Header.swift */,
			);
			path = Extensions;
			sourceTree = "<group>";
		};
		13C5FCD22C7649C4002E9F6C /* Extensions */ = {
			isa = PBXGroup;
			children = (
				13C5FCD32C7649E2002E9F6C /* LeagueExtension.swift */,
			);
			path = Extensions;
			sourceTree = "<group>";
		};
		13D3FB872C75A5A200312D45 /* Frameworks */ = {
			isa = PBXGroup;
			children = (
				1314FA312C7B6CBD004CB679 /* CoreData.framework */,
				137765482C79D19900730F11 /* CoreData.framework */,
			);
			name = Frameworks;
			sourceTree = "<group>";
		};
		13D839A32C7767D600FA7CD3 /* Components */ = {
			isa = PBXGroup;
			children = (
				13DF22F02C73800F0021E788 /* HomeCollectionViewCell.swift */,
			);
			path = Components;
			sourceTree = "<group>";
		};
		13E08A522C7377800016E497 = {
			isa = PBXGroup;
			children = (
				13E08A5D2C7377800016E497 /* Sports */,
				13E08A772C7377830016E497 /* SportsTests */,
				13E08A812C7377830016E497 /* SportsUITests */,
				13E08A5C2C7377800016E497 /* Products */,
				13D3FB872C75A5A200312D45 /* Frameworks */,
			);
			sourceTree = "<group>";
		};
		13E08A5C2C7377800016E497 /* Products */ = {
			isa = PBXGroup;
			children = (
				13E08A5B2C7377800016E497 /* Sporty.app */,
				13E08A742C7377830016E497 /* SportsTests.xctest */,
			);
			name = Products;
			sourceTree = "<group>";
		};
		13E08A5D2C7377800016E497 /* Sports */ = {
			isa = PBXGroup;
			children = (
				13E08A6F2C7377820016E497 /* Info.plist */,
				186093072C761EFE00D7100F /* Utilties */,
				137108172C737AE90055E531 /* modules */,
				137108122C737AAB0055E531 /* view */,
				137108132C737AB80055E531 /* model */,
				137108112C737A970055E531 /* core */,
			);
			path = Sports;
			sourceTree = "<group>";
		};
		13E08A772C7377830016E497 /* SportsTests */ = {
			isa = PBXGroup;
			children = (
				13E08A782C7377830016E497 /* SportsTests.swift */,
				132DF5DB2C7B7A6D00FCADA8 /* allSports.swift */,
				132DF5DD2C7B7C1700FCADA8 /* LatestEvent.swift */,
				132DF5DF2C7B7C2800FCADA8 /* UpComing.swift */,
				132DF5E12C7B7EBA00FCADA8 /* Teams.swift */,
			);
			path = SportsTests;
			sourceTree = "<group>";
		};
		13E08A812C7377830016E497 /* SportsUITests */ = {
			isa = PBXGroup;
			children = (
				13E08A822C7377830016E497 /* SportsUITests.swift */,
				13E08A842C7377830016E497 /* SportsUITestsLaunchTests.swift */,
			);
			path = SportsUITests;
			sourceTree = "<group>";
		};
		13F24CDF2C78E1F800E63EC6 /* component */ = {
			isa = PBXGroup;
			children = (
				13F24CE02C78E21B00E63EC6 /* playersTableViewCell.swift */,
				13F24CE12C78E21B00E63EC6 /* playersTableViewCell.xib */,
			);
			path = component;
			sourceTree = "<group>";
		};
		13F24CE42C78ECB300E63EC6 /* Extensions */ = {
			isa = PBXGroup;
			children = (
				13F24CE72C78ECDC00E63EC6 /* TeamDetailsViewControllerExtensions.swift */,
			);
			path = Extensions;
			sourceTree = "<group>";
		};
		186093042C761D7100D7100F /* Extensions */ = {
			isa = PBXGroup;
			children = (
				186093052C761D8E00D7100F /* HomeExtension.swift */,
			);
			path = Extensions;
			sourceTree = "<group>";
		};
		186093072C761EFE00D7100F /* Utilties */ = {
			isa = PBXGroup;
			children = (
				1314FA272C7B54DD004CB679 /* Helper */,
				186093082C761F0C00D7100F /* Table&CollectionNibExt */,
			);
			path = Utilties;
			sourceTree = "<group>";
		};
		186093082C761F0C00D7100F /* Table&CollectionNibExt */ = {
			isa = PBXGroup;
			children = (
				186093092C761F3E00D7100F /* Table&CollectionNibExt.swift */,
			);
			path = "Table&CollectionNibExt";
			sourceTree = "<group>";
		};
/* End PBXGroup section */

/* Begin PBXNativeTarget section */
		13E08A5A2C7377800016E497 /* Sporty */ = {
			isa = PBXNativeTarget;
			buildConfigurationList = 13E08A882C7377830016E497 /* Build configuration list for PBXNativeTarget "Sporty" */;
			buildPhases = (
				13E08A572C7377800016E497 /* Sources */,
				13E08A582C7377800016E497 /* Frameworks */,
				13E08A592C7377800016E497 /* Resources */,
			);
			buildRules = (
			);
			dependencies = (
			);
			name = Sporty;
			packageProductDependencies = (
				13D3FB882C75A5A200312D45 /* Alamofire */,
				13D3FB8A2C75A5A600312D45 /* Kingfisher */,
			);
			productName = Sports;
			productReference = 13E08A5B2C7377800016E497 /* Sporty.app */;
			productType = "com.apple.product-type.application";
		};
		13E08A732C7377830016E497 /* SportsTests */ = {
			isa = PBXNativeTarget;
			buildConfigurationList = 13E08A8B2C7377830016E497 /* Build configuration list for PBXNativeTarget "SportsTests" */;
			buildPhases = (
				13E08A702C7377830016E497 /* Sources */,
				13E08A712C7377830016E497 /* Frameworks */,
				13E08A722C7377830016E497 /* Resources */,
				1360EF422C7B743D0022B770 /* Embed Frameworks */,
			);
			buildRules = (
			);
			dependencies = (
				13E08A762C7377830016E497 /* PBXTargetDependency */,
			);
			name = SportsTests;
			packageProductDependencies = (
				1360EF3B2C7B742D0022B770 /* Alamofire */,
				1360EF3D2C7B74310022B770 /* Kingfisher */,
				1360EF402C7B743D0022B770 /* AlamofireDynamic */,
			);
			productName = SportsTests;
			productReference = 13E08A742C7377830016E497 /* SportsTests.xctest */;
			productType = "com.apple.product-type.bundle.unit-test";
		};
/* End PBXNativeTarget section */

/* Begin PBXProject section */
		13E08A532C7377800016E497 /* Project object */ = {
			isa = PBXProject;
			attributes = {
				BuildIndependentTargetsInParallel = 1;
				LastSwiftUpdateCheck = 1540;
				LastUpgradeCheck = 1540;
				TargetAttributes = {
					13E08A5A2C7377800016E497 = {
						CreatedOnToolsVersion = 15.4;
					};
					13E08A732C7377830016E497 = {
						CreatedOnToolsVersion = 15.4;
						TestTargetID = 13E08A5A2C7377800016E497;
					};
				};
			};
			buildConfigurationList = 13E08A562C7377800016E497 /* Build configuration list for PBXProject "Sports" */;
			compatibilityVersion = "Xcode 14.0";
			developmentRegion = en;
			hasScannedForEncodings = 0;
			knownRegions = (
				en,
				Base,
			);
			mainGroup = 13E08A522C7377800016E497;
			packageReferences = (
				13D3FB852C75A55E00312D45 /* XCRemoteSwiftPackageReference "Alamofire" */,
				13D3FB862C75A59400312D45 /* XCRemoteSwiftPackageReference "Kingfisher" */,
			);
			productRefGroup = 13E08A5C2C7377800016E497 /* Products */;
			projectDirPath = "";
			projectRoot = "";
			targets = (
				13E08A5A2C7377800016E497 /* Sporty */,
				13E08A732C7377830016E497 /* SportsTests */,
			);
		};
/* End PBXProject section */

/* Begin PBXResourcesBuildPhase section */
		13E08A592C7377800016E497 /* Resources */ = {
			isa = PBXResourcesBuildPhase;
			buildActionMask = 2147483647;
			files = (
				13E08A922C7378810016E497 /* Launch Screen.storyboard in Resources */,
				13E08A6B2C7377820016E497 /* Assets.xcassets in Resources */,
				13A776AA2C77B9AE00AB7FC7 /* thirdCollectionViewCell.xib in Resources */,
				13A776A62C77B92900AB7FC7 /* secondCollectionViewCell.xib in Resources */,
				13F24CE32C78E21B00E63EC6 /* playersTableViewCell.xib in Resources */,
				134DA9852C74A801007444FD /* LeaguesTableViewCell.xib in Resources */,
				13E08A662C7377800016E497 /* Base in Resources */,
				139C488E2C77B68400D3A9BC /* fisrtCollectionViewCell.xib in Resources */,
			);
			runOnlyForDeploymentPostprocessing = 0;
		};
		13E08A722C7377830016E497 /* Resources */ = {
			isa = PBXResourcesBuildPhase;
			buildActionMask = 2147483647;
			files = (
			);
			runOnlyForDeploymentPostprocessing = 0;
		};
/* End PBXResourcesBuildPhase section */

/* Begin PBXSourcesBuildPhase section */
		13E08A572C7377800016E497 /* Sources */ = {
			isa = PBXSourcesBuildPhase;
			buildActionMask = 2147483647;
			files = (
				13DF22F12C73800F0021E788 /* HomeCollectionViewCell.swift in Sources */,
				13D264192C76184D0070E54A /* LeaguesPresenter.swift in Sources */,
				1371081A2C737B000055E531 /* HomeViewController.swift in Sources */,
				13A776A72C77B92900AB7FC7 /* secondCollectionViewCell.swift in Sources */,
				13158E102C77166800F59737 /* LeaguesDetailsPresenter.swift in Sources */,
				13F24CDE2C78CF6600E63EC6 /* Team.swift in Sources */,
				13D3FB802C75907B00312D45 /* DetailsModel.swift in Sources */,
				13C5FCD42C7649E2002E9F6C /* LeagueExtension.swift in Sources */,
				13F24CE82C78ECDC00E63EC6 /* TeamDetailsViewControllerExtensions.swift in Sources */,
				13D264122C75FAFA0070E54A /* HomeModel.swift in Sources */,
				13D3FB842C75A39A00312D45 /* Result.swift in Sources */,
				13A776AB2C77B9AE00AB7FC7 /* thirdCollectionViewCell.swift in Sources */,
				13E08A5F2C7377800016E497 /* AppDelegate.swift in Sources */,
				13E08A692C7377800016E497 /* Sports.xcdatamodeld in Sources */,
				134DA9862C74A801007444FD /* LeaguesTableViewCell.swift in Sources */,
				1377654B2C79D93E00730F11 /* Header.swift in Sources */,
				13F24CDC2C78C0E900E63EC6 /* DateHelper.swift in Sources */,
				1860930A2C761F3E00D7100F /* Table&CollectionNibExt.swift in Sources */,
				13D264142C75FC030070E54A /* HomePresenter.swift in Sources */,
				13D3FB742C75879E00312D45 /* LeaguesModel.swift in Sources */,
				186093062C761D8E00D7100F /* HomeExtension.swift in Sources */,
				13E08A612C7377800016E497 /* SceneDelegate.swift in Sources */,
				139C488D2C77B68400D3A9BC /* fisrtCollectionViewCell.swift in Sources */,
				13F24CE22C78E21B00E63EC6 /* playersTableViewCell.swift in Sources */,
				1365429C2C7681A600EF6FBE /* TeamDetailsViewController.swift in Sources */,
				134DA9912C74BD98007444FD /* LeaguesDetailsViewController.swift in Sources */,
				13158E122C7737CC00F59737 /* TeamsDetailsPresenter.swift in Sources */,
				13A776AE2C77BFF100AB7FC7 /* LeaguesDetailsViewControllerExtension.swift in Sources */,
				136E85272C7B72D50036F7BC /* ApiManager.swift in Sources */,
				13C0F9D42C7A77A400D67593 /* Connectivity.swift in Sources */,
				13D264102C75BEEE0070E54A /* Decoder.swift in Sources */,
				1377654F2C79EBDF00730F11 /* CoreDataManager.swift in Sources */,
				134DA98C2C74B5C6007444FD /* LeaguesViewController.swift in Sources */,
			);
			runOnlyForDeploymentPostprocessing = 0;
		};
		13E08A702C7377830016E497 /* Sources */ = {
			isa = PBXSourcesBuildPhase;
			buildActionMask = 2147483647;
			files = (
				132DF5E22C7B7EBA00FCADA8 /* Teams.swift in Sources */,
				136E85252C7B726D0036F7BC /* ApiManager.swift in Sources */,
				13E08A792C7377830016E497 /* SportsTests.swift in Sources */,
				132DF5DC2C7B7A6D00FCADA8 /* allSports.swift in Sources */,
				132DF5E32C7B801600FCADA8 /* Team.swift in Sources */,
				132DF5E02C7B7C2800FCADA8 /* UpComing.swift in Sources */,
				136E85262C7B72BF0036F7BC /* LeaguesModel.swift in Sources */,
				132DF5DE2C7B7C1700FCADA8 /* LatestEvent.swift in Sources */,
			);
			runOnlyForDeploymentPostprocessing = 0;
		};
/* End PBXSourcesBuildPhase section */

/* Begin PBXTargetDependency section */
		13E08A762C7377830016E497 /* PBXTargetDependency */ = {
			isa = PBXTargetDependency;
			target = 13E08A5A2C7377800016E497 /* Sporty */;
			targetProxy = 13E08A752C7377830016E497 /* PBXContainerItemProxy */;
		};
/* End PBXTargetDependency section */

/* Begin PBXVariantGroup section */
		13E08A642C7377800016E497 /* Main.storyboard */ = {
			isa = PBXVariantGroup;
			children = (
				13E08A652C7377800016E497 /* Base */,
			);
			name = Main.storyboard;
			sourceTree = "<group>";
		};
/* End PBXVariantGroup section */

/* Begin XCBuildConfiguration section */
		13E08A862C7377830016E497 /* Debug */ = {
			isa = XCBuildConfiguration;
			buildSettings = {
				ALWAYS_SEARCH_USER_PATHS = NO;
				ASSETCATALOG_COMPILER_GENERATE_SWIFT_ASSET_SYMBOL_EXTENSIONS = YES;
				CLANG_ANALYZER_NONNULL = YES;
				CLANG_ANALYZER_NUMBER_OBJECT_CONVERSION = YES_AGGRESSIVE;
				CLANG_CXX_LANGUAGE_STANDARD = "gnu++20";
				CLANG_ENABLE_MODULES = YES;
				CLANG_ENABLE_OBJC_ARC = YES;
				CLANG_ENABLE_OBJC_WEAK = YES;
				CLANG_WARN_BLOCK_CAPTURE_AUTORELEASING = YES;
				CLANG_WARN_BOOL_CONVERSION = YES;
				CLANG_WARN_COMMA = YES;
				CLANG_WARN_CONSTANT_CONVERSION = YES;
				CLANG_WARN_DEPRECATED_OBJC_IMPLEMENTATIONS = YES;
				CLANG_WARN_DIRECT_OBJC_ISA_USAGE = YES_ERROR;
				CLANG_WARN_DOCUMENTATION_COMMENTS = YES;
				CLANG_WARN_EMPTY_BODY = YES;
				CLANG_WARN_ENUM_CONVERSION = YES;
				CLANG_WARN_INFINITE_RECURSION = YES;
				CLANG_WARN_INT_CONVERSION = YES;
				CLANG_WARN_NON_LITERAL_NULL_CONVERSION = YES;
				CLANG_WARN_OBJC_IMPLICIT_RETAIN_SELF = YES;
				CLANG_WARN_OBJC_LITERAL_CONVERSION = YES;
				CLANG_WARN_OBJC_ROOT_CLASS = YES_ERROR;
				CLANG_WARN_QUOTED_INCLUDE_IN_FRAMEWORK_HEADER = YES;
				CLANG_WARN_RANGE_LOOP_ANALYSIS = YES;
				CLANG_WARN_STRICT_PROTOTYPES = YES;
				CLANG_WARN_SUSPICIOUS_MOVE = YES;
				CLANG_WARN_UNGUARDED_AVAILABILITY = YES_AGGRESSIVE;
				CLANG_WARN_UNREACHABLE_CODE = YES;
				CLANG_WARN__DUPLICATE_METHOD_MATCH = YES;
				COPY_PHASE_STRIP = NO;
				DEBUG_INFORMATION_FORMAT = dwarf;
				ENABLE_STRICT_OBJC_MSGSEND = YES;
				ENABLE_TESTABILITY = YES;
				ENABLE_USER_SCRIPT_SANDBOXING = YES;
				GCC_C_LANGUAGE_STANDARD = gnu17;
				GCC_DYNAMIC_NO_PIC = NO;
				GCC_NO_COMMON_BLOCKS = YES;
				GCC_OPTIMIZATION_LEVEL = 0;
				GCC_PREPROCESSOR_DEFINITIONS = (
					"DEBUG=1",
					"$(inherited)",
				);
				GCC_WARN_64_TO_32_BIT_CONVERSION = YES;
				GCC_WARN_ABOUT_RETURN_TYPE = YES_ERROR;
				GCC_WARN_UNDECLARED_SELECTOR = YES;
				GCC_WARN_UNINITIALIZED_AUTOS = YES_AGGRESSIVE;
				GCC_WARN_UNUSED_FUNCTION = YES;
				GCC_WARN_UNUSED_VARIABLE = YES;
				IPHONEOS_DEPLOYMENT_TARGET = 17.5;
				LOCALIZATION_PREFERS_STRING_CATALOGS = YES;
				MTL_ENABLE_DEBUG_INFO = INCLUDE_SOURCE;
				MTL_FAST_MATH = YES;
				ONLY_ACTIVE_ARCH = YES;
				SDKROOT = iphoneos;
				SWIFT_ACTIVE_COMPILATION_CONDITIONS = "DEBUG $(inherited)";
				SWIFT_OPTIMIZATION_LEVEL = "-Onone";
			};
			name = Debug;
		};
		13E08A872C7377830016E497 /* Release */ = {
			isa = XCBuildConfiguration;
			buildSettings = {
				ALWAYS_SEARCH_USER_PATHS = NO;
				ASSETCATALOG_COMPILER_GENERATE_SWIFT_ASSET_SYMBOL_EXTENSIONS = YES;
				CLANG_ANALYZER_NONNULL = YES;
				CLANG_ANALYZER_NUMBER_OBJECT_CONVERSION = YES_AGGRESSIVE;
				CLANG_CXX_LANGUAGE_STANDARD = "gnu++20";
				CLANG_ENABLE_MODULES = YES;
				CLANG_ENABLE_OBJC_ARC = YES;
				CLANG_ENABLE_OBJC_WEAK = YES;
				CLANG_WARN_BLOCK_CAPTURE_AUTORELEASING = YES;
				CLANG_WARN_BOOL_CONVERSION = YES;
				CLANG_WARN_COMMA = YES;
				CLANG_WARN_CONSTANT_CONVERSION = YES;
				CLANG_WARN_DEPRECATED_OBJC_IMPLEMENTATIONS = YES;
				CLANG_WARN_DIRECT_OBJC_ISA_USAGE = YES_ERROR;
				CLANG_WARN_DOCUMENTATION_COMMENTS = YES;
				CLANG_WARN_EMPTY_BODY = YES;
				CLANG_WARN_ENUM_CONVERSION = YES;
				CLANG_WARN_INFINITE_RECURSION = YES;
				CLANG_WARN_INT_CONVERSION = YES;
				CLANG_WARN_NON_LITERAL_NULL_CONVERSION = YES;
				CLANG_WARN_OBJC_IMPLICIT_RETAIN_SELF = YES;
				CLANG_WARN_OBJC_LITERAL_CONVERSION = YES;
				CLANG_WARN_OBJC_ROOT_CLASS = YES_ERROR;
				CLANG_WARN_QUOTED_INCLUDE_IN_FRAMEWORK_HEADER = YES;
				CLANG_WARN_RANGE_LOOP_ANALYSIS = YES;
				CLANG_WARN_STRICT_PROTOTYPES = YES;
				CLANG_WARN_SUSPICIOUS_MOVE = YES;
				CLANG_WARN_UNGUARDED_AVAILABILITY = YES_AGGRESSIVE;
				CLANG_WARN_UNREACHABLE_CODE = YES;
				CLANG_WARN__DUPLICATE_METHOD_MATCH = YES;
				COPY_PHASE_STRIP = NO;
				DEBUG_INFORMATION_FORMAT = "dwarf-with-dsym";
				ENABLE_NS_ASSERTIONS = NO;
				ENABLE_STRICT_OBJC_MSGSEND = YES;
				ENABLE_USER_SCRIPT_SANDBOXING = YES;
				GCC_C_LANGUAGE_STANDARD = gnu17;
				GCC_NO_COMMON_BLOCKS = YES;
				GCC_WARN_64_TO_32_BIT_CONVERSION = YES;
				GCC_WARN_ABOUT_RETURN_TYPE = YES_ERROR;
				GCC_WARN_UNDECLARED_SELECTOR = YES;
				GCC_WARN_UNINITIALIZED_AUTOS = YES_AGGRESSIVE;
				GCC_WARN_UNUSED_FUNCTION = YES;
				GCC_WARN_UNUSED_VARIABLE = YES;
				IPHONEOS_DEPLOYMENT_TARGET = 17.5;
				LOCALIZATION_PREFERS_STRING_CATALOGS = YES;
				MTL_ENABLE_DEBUG_INFO = NO;
				MTL_FAST_MATH = YES;
				SDKROOT = iphoneos;
				SWIFT_COMPILATION_MODE = wholemodule;
				VALIDATE_PRODUCT = YES;
			};
			name = Release;
		};
		13E08A892C7377830016E497 /* Debug */ = {
			isa = XCBuildConfiguration;
			buildSettings = {
				ASSETCATALOG_COMPILER_APPICON_NAME = AppIcon;
				ASSETCATALOG_COMPILER_GLOBAL_ACCENT_COLOR_NAME = AccentColor;
				CODE_SIGN_STYLE = Automatic;
				CURRENT_PROJECT_VERSION = 1;
				GENERATE_INFOPLIST_FILE = YES;
				INFOPLIST_FILE = Sports/Info.plist;
				INFOPLIST_KEY_UIApplicationSupportsIndirectInputEvents = YES;
				INFOPLIST_KEY_UILaunchStoryboardName = "Launch Screen.storyboard";
				INFOPLIST_KEY_UIMainStoryboardFile = Main;
				INFOPLIST_KEY_UISupportedInterfaceOrientations_iPad = "UIInterfaceOrientationPortrait UIInterfaceOrientationPortraitUpsideDown UIInterfaceOrientationLandscapeLeft UIInterfaceOrientationLandscapeRight";
				INFOPLIST_KEY_UISupportedInterfaceOrientations_iPhone = "UIInterfaceOrientationPortrait UIInterfaceOrientationLandscapeLeft UIInterfaceOrientationLandscapeRight";
				LD_RUNPATH_SEARCH_PATHS = (
					"$(inherited)",
					"@executable_path/Frameworks",
				);
				MARKETING_VERSION = 1.0;
				PRODUCT_BUNDLE_IDENTIFIER = task.Sports;
				PRODUCT_NAME = Sporty;
				SWIFT_EMIT_LOC_STRINGS = YES;
				SWIFT_VERSION = 5.0;
				TARGETED_DEVICE_FAMILY = "1,2";
			};
			name = Debug;
		};
		13E08A8A2C7377830016E497 /* Release */ = {
			isa = XCBuildConfiguration;
			buildSettings = {
				ASSETCATALOG_COMPILER_APPICON_NAME = AppIcon;
				ASSETCATALOG_COMPILER_GLOBAL_ACCENT_COLOR_NAME = AccentColor;
				CODE_SIGN_STYLE = Automatic;
				CURRENT_PROJECT_VERSION = 1;
				GENERATE_INFOPLIST_FILE = YES;
				INFOPLIST_FILE = Sports/Info.plist;
				INFOPLIST_KEY_UIApplicationSupportsIndirectInputEvents = YES;
				INFOPLIST_KEY_UILaunchStoryboardName = "Launch Screen.storyboard";
				INFOPLIST_KEY_UIMainStoryboardFile = Main;
				INFOPLIST_KEY_UISupportedInterfaceOrientations_iPad = "UIInterfaceOrientationPortrait UIInterfaceOrientationPortraitUpsideDown UIInterfaceOrientationLandscapeLeft UIInterfaceOrientationLandscapeRight";
				INFOPLIST_KEY_UISupportedInterfaceOrientations_iPhone = "UIInterfaceOrientationPortrait UIInterfaceOrientationLandscapeLeft UIInterfaceOrientationLandscapeRight";
				LD_RUNPATH_SEARCH_PATHS = (
					"$(inherited)",
					"@executable_path/Frameworks",
				);
				MARKETING_VERSION = 1.0;
				PRODUCT_BUNDLE_IDENTIFIER = task.Sports;
				PRODUCT_NAME = Sporty;
				SWIFT_EMIT_LOC_STRINGS = YES;
				SWIFT_VERSION = 5.0;
				TARGETED_DEVICE_FAMILY = "1,2";
			};
			name = Release;
		};
		13E08A8C2C7377830016E497 /* Debug */ = {
			isa = XCBuildConfiguration;
			buildSettings = {
				ALWAYS_EMBED_SWIFT_STANDARD_LIBRARIES = YES;
				CODE_SIGN_STYLE = Automatic;
				CURRENT_PROJECT_VERSION = 1;
				GENERATE_INFOPLIST_FILE = YES;
				IPHONEOS_DEPLOYMENT_TARGET = 17.5;
				MARKETING_VERSION = 1.0;
				PRODUCT_BUNDLE_IDENTIFIER = task.SportsTests;
				PRODUCT_NAME = "$(TARGET_NAME)";
				SWIFT_EMIT_LOC_STRINGS = NO;
				SWIFT_VERSION = 5.0;
				TARGETED_DEVICE_FAMILY = "1,2";
				TEST_HOST = "$(BUILT_PRODUCTS_DIR)/Sporty.app/$(BUNDLE_EXECUTABLE_FOLDER_PATH)/Sporty";
			};
			name = Debug;
		};
		13E08A8D2C7377830016E497 /* Release */ = {
			isa = XCBuildConfiguration;
			buildSettings = {
				ALWAYS_EMBED_SWIFT_STANDARD_LIBRARIES = YES;
				CODE_SIGN_STYLE = Automatic;
				CURRENT_PROJECT_VERSION = 1;
				GENERATE_INFOPLIST_FILE = YES;
				IPHONEOS_DEPLOYMENT_TARGET = 17.5;
				MARKETING_VERSION = 1.0;
				PRODUCT_BUNDLE_IDENTIFIER = task.SportsTests;
				PRODUCT_NAME = "$(TARGET_NAME)";
				SWIFT_EMIT_LOC_STRINGS = NO;
				SWIFT_VERSION = 5.0;
				TARGETED_DEVICE_FAMILY = "1,2";
				TEST_HOST = "$(BUILT_PRODUCTS_DIR)/Sporty.app/$(BUNDLE_EXECUTABLE_FOLDER_PATH)/Sporty";
			};
			name = Release;
		};
/* End XCBuildConfiguration section */

/* Begin XCConfigurationList section */
		13E08A562C7377800016E497 /* Build configuration list for PBXProject "Sports" */ = {
			isa = XCConfigurationList;
			buildConfigurations = (
				13E08A862C7377830016E497 /* Debug */,
				13E08A872C7377830016E497 /* Release */,
			);
			defaultConfigurationIsVisible = 0;
			defaultConfigurationName = Release;
		};
		13E08A882C7377830016E497 /* Build configuration list for PBXNativeTarget "Sporty" */ = {
			isa = XCConfigurationList;
			buildConfigurations = (
				13E08A892C7377830016E497 /* Debug */,
				13E08A8A2C7377830016E497 /* Release */,
			);
			defaultConfigurationIsVisible = 0;
			defaultConfigurationName = Release;
		};
		13E08A8B2C7377830016E497 /* Build configuration list for PBXNativeTarget "SportsTests" */ = {
			isa = XCConfigurationList;
			buildConfigurations = (
				13E08A8C2C7377830016E497 /* Debug */,
				13E08A8D2C7377830016E497 /* Release */,
			);
			defaultConfigurationIsVisible = 0;
			defaultConfigurationName = Release;
		};
/* End XCConfigurationList section */

/* Begin XCRemoteSwiftPackageReference section */
		13D3FB852C75A55E00312D45 /* XCRemoteSwiftPackageReference "Alamofire" */ = {
			isa = XCRemoteSwiftPackageReference;
			repositoryURL = "https://github.com/Alamofire/Alamofire.git";
			requirement = {
				kind = upToNextMajorVersion;
				minimumVersion = 5.9.1;
			};
		};
		13D3FB862C75A59400312D45 /* XCRemoteSwiftPackageReference "Kingfisher" */ = {
			isa = XCRemoteSwiftPackageReference;
			repositoryURL = "https://github.com/onevcat/Kingfisher";
			requirement = {
				kind = upToNextMajorVersion;
				minimumVersion = 7.12.0;
			};
		};
/* End XCRemoteSwiftPackageReference section */

/* Begin XCSwiftPackageProductDependency section */
		1360EF3B2C7B742D0022B770 /* Alamofire */ = {
			isa = XCSwiftPackageProductDependency;
			package = 13D3FB852C75A55E00312D45 /* XCRemoteSwiftPackageReference "Alamofire" */;
			productName = Alamofire;
		};
		1360EF3D2C7B74310022B770 /* Kingfisher */ = {
			isa = XCSwiftPackageProductDependency;
			package = 13D3FB862C75A59400312D45 /* XCRemoteSwiftPackageReference "Kingfisher" */;
			productName = Kingfisher;
		};
		1360EF402C7B743D0022B770 /* AlamofireDynamic */ = {
			isa = XCSwiftPackageProductDependency;
			package = 13D3FB852C75A55E00312D45 /* XCRemoteSwiftPackageReference "Alamofire" */;
			productName = AlamofireDynamic;
		};
		13D3FB882C75A5A200312D45 /* Alamofire */ = {
			isa = XCSwiftPackageProductDependency;
			package = 13D3FB852C75A55E00312D45 /* XCRemoteSwiftPackageReference "Alamofire" */;
			productName = Alamofire;
		};
		13D3FB8A2C75A5A600312D45 /* Kingfisher */ = {
			isa = XCSwiftPackageProductDependency;
			package = 13D3FB862C75A59400312D45 /* XCRemoteSwiftPackageReference "Kingfisher" */;
			productName = Kingfisher;
		};
/* End XCSwiftPackageProductDependency section */

/* Begin XCVersionGroup section */
		13E08A672C7377800016E497 /* Sports.xcdatamodeld */ = {
			isa = XCVersionGroup;
			children = (
				13E08A682C7377800016E497 /* Sports.xcdatamodel */,
			);
			currentVersion = 13E08A682C7377800016E497 /* Sports.xcdatamodel */;
			path = Sports.xcdatamodeld;
			sourceTree = "<group>";
			versionGroupType = wrapper.xcdatamodel;
		};
/* End XCVersionGroup section */
	};
	rootObject = 13E08A532C7377800016E497 /* Project object */;
}
